// !$*UTF8*$!
{
	archiveVersion = 1;
	classes = {
	};
	objectVersion = 46;
	objects = {

/* Begin PBXBuildFile section */
		63B7A2EC1748B8C500D5ECE7 /* Default.jpg in Resources */ = {isa = PBXBuildFile; fileRef = 63B7A2EB1748B8C500D5ECE7 /* Default.jpg */; };
		63B7A2EE1748BEAD00D5ECE7 /* Icon.png in Resources */ = {isa = PBXBuildFile; fileRef = 63B7A2ED1748BEAD00D5ECE7 /* Icon.png */; };
		63B7A2F11748BF1700D5ECE7 /* LikeIcon.jpg in Resources */ = {isa = PBXBuildFile; fileRef = 63B7A2EF1748BF1700D5ECE7 /* LikeIcon.jpg */; };
		63B7A2F21748BF1700D5ECE7 /* LocationIcon.jpg in Resources */ = {isa = PBXBuildFile; fileRef = 63B7A2F01748BF1700D5ECE7 /* LocationIcon.jpg */; };
		8469C80F174673C600BD2008 /* fb-login.png in Resources */ = {isa = PBXBuildFile; fileRef = 8469C80E174673C600BD2008 /* fb-login.png */; };
		8469C8121746745300BD2008 /* LoginViewController.m in Sources */ = {isa = PBXBuildFile; fileRef = 8469C8111746745300BD2008 /* LoginViewController.m */; };
		8469C814174678C000BD2008 /* bg.png in Resources */ = {isa = PBXBuildFile; fileRef = 8469C813174678C000BD2008 /* bg.png */; };
		8469C81917467A3400BD2008 /* check.png in Resources */ = {isa = PBXBuildFile; fileRef = 8469C81617467A3400BD2008 /* check.png */; };
		8469C81A17467A3400BD2008 /* MBProgressHUD.m in Sources */ = {isa = PBXBuildFile; fileRef = 8469C81817467A3400BD2008 /* MBProgressHUD.m */; };
		8469C82217468C7100BD2008 /* Cell.m in Sources */ = {isa = PBXBuildFile; fileRef = 8469C82017468C7100BD2008 /* Cell.m */; };
		8469C84417468FAE00BD2008 /* Reachability.m in Sources */ = {isa = PBXBuildFile; fileRef = 8469C84317468FAE00BD2008 /* Reachability.m */; settings = {COMPILER_FLAGS = "-fno-objc-arc"; }; };
		8469C8461746901000BD2008 /* CFNetwork.framework in Frameworks */ = {isa = PBXBuildFile; fileRef = 8469C8451746901000BD2008 /* CFNetwork.framework */; };
		8469C8481746905A00BD2008 /* SystemConfiguration.framework in Frameworks */ = {isa = PBXBuildFile; fileRef = 8469C8471746905900BD2008 /* SystemConfiguration.framework */; };
		8469C84A1746911000BD2008 /* libz.dylib in Frameworks */ = {isa = PBXBuildFile; fileRef = 8469C8491746911000BD2008 /* libz.dylib */; };
		8469C84C1746916800BD2008 /* MobileCoreServices.framework in Frameworks */ = {isa = PBXBuildFile; fileRef = 8469C84B1746916800BD2008 /* MobileCoreServices.framework */; };
		8469C84E174695F300BD2008 /* line.png in Resources */ = {isa = PBXBuildFile; fileRef = 8469C84D174695F300BD2008 /* line.png */; };
		8469C850174697DD00BD2008 /* bg2.png in Resources */ = {isa = PBXBuildFile; fileRef = 8469C84F174697DD00BD2008 /* bg2.png */; };
		8469C853174698E000BD2008 /* DetialViewController.m in Sources */ = {isa = PBXBuildFile; fileRef = 8469C852174698DF00BD2008 /* DetialViewController.m */; };
		849825D31748708000F6E319 /* MoPhotograph.m in Sources */ = {isa = PBXBuildFile; fileRef = 849825D21748708000F6E319 /* MoPhotograph.m */; };
		849825ED174870ED00F6E319 /* ASIAuthenticationDialog.m in Sources */ = {isa = PBXBuildFile; fileRef = 849825DA174870ED00F6E319 /* ASIAuthenticationDialog.m */; settings = {COMPILER_FLAGS = "-fno-objc-arc"; }; };
		849825EE174870ED00F6E319 /* ASIDataCompressor.m in Sources */ = {isa = PBXBuildFile; fileRef = 849825DD174870ED00F6E319 /* ASIDataCompressor.m */; settings = {COMPILER_FLAGS = "-fno-objc-arc"; }; };
		849825EF174870ED00F6E319 /* ASIDataDecompressor.m in Sources */ = {isa = PBXBuildFile; fileRef = 849825DF174870ED00F6E319 /* ASIDataDecompressor.m */; settings = {COMPILER_FLAGS = "-fno-objc-arc"; }; };
		849825F0174870ED00F6E319 /* ASIDownloadCache.m in Sources */ = {isa = PBXBuildFile; fileRef = 849825E1174870ED00F6E319 /* ASIDownloadCache.m */; settings = {COMPILER_FLAGS = "-fno-objc-arc"; }; };
		849825F1174870ED00F6E319 /* ASIFormDataRequest.m in Sources */ = {isa = PBXBuildFile; fileRef = 849825E3174870ED00F6E319 /* ASIFormDataRequest.m */; settings = {COMPILER_FLAGS = "-fno-objc-arc"; }; };
		849825F2174870ED00F6E319 /* ASIHTTPRequest.m in Sources */ = {isa = PBXBuildFile; fileRef = 849825E5174870ED00F6E319 /* ASIHTTPRequest.m */; settings = {COMPILER_FLAGS = "-fno-objc-arc"; }; };
		849825F3174870ED00F6E319 /* ASIInputStream.m in Sources */ = {isa = PBXBuildFile; fileRef = 849825E9174870ED00F6E319 /* ASIInputStream.m */; settings = {COMPILER_FLAGS = "-fno-objc-arc"; }; };
		849825F4174870ED00F6E319 /* ASINetworkQueue.m in Sources */ = {isa = PBXBuildFile; fileRef = 849825EB174870ED00F6E319 /* ASINetworkQueue.m */; settings = {COMPILER_FLAGS = "-fno-objc-arc"; }; };
		860F5FB01732A34200E51FC8 /* UIKit.framework in Frameworks */ = {isa = PBXBuildFile; fileRef = 860F5FAF1732A34200E51FC8 /* UIKit.framework */; };
		860F5FB21732A34200E51FC8 /* Foundation.framework in Frameworks */ = {isa = PBXBuildFile; fileRef = 860F5FB11732A34200E51FC8 /* Foundation.framework */; };
		860F5FB41732A34200E51FC8 /* CoreGraphics.framework in Frameworks */ = {isa = PBXBuildFile; fileRef = 860F5FB31732A34200E51FC8 /* CoreGraphics.framework */; };
		860F5FBA1732A34200E51FC8 /* InfoPlist.strings in Resources */ = {isa = PBXBuildFile; fileRef = 860F5FB81732A34200E51FC8 /* InfoPlist.strings */; };
		860F5FBC1732A34200E51FC8 /* main.m in Sources */ = {isa = PBXBuildFile; fileRef = 860F5FBB1732A34200E51FC8 /* main.m */; };
		860F5FC01732A34200E51FC8 /* MainAppDelegate.m in Sources */ = {isa = PBXBuildFile; fileRef = 860F5FBF1732A34200E51FC8 /* MainAppDelegate.m */; };
		860F5FC21732A34200E51FC8 /* Default.png in Resources */ = {isa = PBXBuildFile; fileRef = 860F5FC11732A34200E51FC8 /* Default.png */; };
		860F5FC41732A34200E51FC8 /* Default@2x.png in Resources */ = {isa = PBXBuildFile; fileRef = 860F5FC31732A34200E51FC8 /* Default@2x.png */; };
		860F5FC61732A34200E51FC8 /* Default-568h@2x.png in Resources */ = {isa = PBXBuildFile; fileRef = 860F5FC51732A34200E51FC8 /* Default-568h@2x.png */; };
		860F5FC91732A34200E51FC8 /* MainStoryboard.storyboard in Resources */ = {isa = PBXBuildFile; fileRef = 860F5FC71732A34200E51FC8 /* MainStoryboard.storyboard */; };
		860F5FCC1732A34200E51FC8 /* MainViewController.m in Sources */ = {isa = PBXBuildFile; fileRef = 860F5FCB1732A34200E51FC8 /* MainViewController.m */; };
		860F5FD41732A34200E51FC8 /* SenTestingKit.framework in Frameworks */ = {isa = PBXBuildFile; fileRef = 860F5FD31732A34200E51FC8 /* SenTestingKit.framework */; };
		860F5FD51732A34200E51FC8 /* UIKit.framework in Frameworks */ = {isa = PBXBuildFile; fileRef = 860F5FAF1732A34200E51FC8 /* UIKit.framework */; };
		860F5FD61732A34200E51FC8 /* Foundation.framework in Frameworks */ = {isa = PBXBuildFile; fileRef = 860F5FB11732A34200E51FC8 /* Foundation.framework */; };
		860F5FDE1732A34200E51FC8 /* InfoPlist.strings in Resources */ = {isa = PBXBuildFile; fileRef = 860F5FDC1732A34200E51FC8 /* InfoPlist.strings */; };
		860F5FE11732A34200E51FC8 /* NetworkedLifeWithFBTests.m in Sources */ = {isa = PBXBuildFile; fileRef = 860F5FE01732A34200E51FC8 /* NetworkedLifeWithFBTests.m */; };
		8658FA241737A25F003F3458 /* MapKit.framework in Frameworks */ = {isa = PBXBuildFile; fileRef = 8658FA231737A25F003F3458 /* MapKit.framework */; };
		865CFA7B17449330005A9C45 /* Friend.m in Sources */ = {isa = PBXBuildFile; fileRef = 865CFA7A17449330005A9C45 /* Friend.m */; };
		865CFA7E17449331005A9C45 /* Checkin.m in Sources */ = {isa = PBXBuildFile; fileRef = 865CFA7D17449331005A9C45 /* Checkin.m */; };
		865CFA8117449331005A9C45 /* User.m in Sources */ = {isa = PBXBuildFile; fileRef = 865CFA8017449331005A9C45 /* User.m */; };
		865CFA8417449331005A9C45 /* Like.m in Sources */ = {isa = PBXBuildFile; fileRef = 865CFA8317449331005A9C45 /* Like.m */; };
		86E130E5173F915D00E6D00F /* CoreLocation.framework in Frameworks */ = {isa = PBXBuildFile; fileRef = 86E130E4173F915D00E6D00F /* CoreLocation.framework */; };
		86E130FE1742266F00E6D00F /* CoreData.framework in Frameworks */ = {isa = PBXBuildFile; fileRef = 86E130FD1742266F00E6D00F /* CoreData.framework */; };
		86E13102174226DF00E6D00F /* NetworkedLifeDB.xcdatamodeld in Sources */ = {isa = PBXBuildFile; fileRef = 86E13100174226DF00E6D00F /* NetworkedLifeDB.xcdatamodeld */; };
		86EBFF73174623A700271237 /* FacebookSDK.framework in Frameworks */ = {isa = PBXBuildFile; fileRef = 86EBFF72174623A700271237 /* FacebookSDK.framework */; };
		86EBFF75174623E100271237 /* FacebookSDKResources.bundle in Resources */ = {isa = PBXBuildFile; fileRef = 86EBFF74174623E100271237 /* FacebookSDKResources.bundle */; };
		86EBFF771746241700271237 /* FBUserSettingsViewResources.bundle in Resources */ = {isa = PBXBuildFile; fileRef = 86EBFF761746241700271237 /* FBUserSettingsViewResources.bundle */; };
		86EBFF791746243E00271237 /* AdSupport.framework in Frameworks */ = {isa = PBXBuildFile; fileRef = 86EBFF781746243E00271237 /* AdSupport.framework */; };
		86EBFF7B1746244600271237 /* Accounts.framework in Frameworks */ = {isa = PBXBuildFile; fileRef = 86EBFF7A1746244500271237 /* Accounts.framework */; };
		86EBFF7D1746244E00271237 /* libsqlite3.dylib in Frameworks */ = {isa = PBXBuildFile; fileRef = 86EBFF7C1746244E00271237 /* libsqlite3.dylib */; };
		86EBFF7F1746245400271237 /* Security.framework in Frameworks */ = {isa = PBXBuildFile; fileRef = 86EBFF7E1746245400271237 /* Security.framework */; };
		86EBFF811746245E00271237 /* Social.framework in Frameworks */ = {isa = PBXBuildFile; fileRef = 86EBFF801746245E00271237 /* Social.framework */; };
/* End PBXBuildFile section */

/* Begin PBXContainerItemProxy section */
		860F5FD71732A34200E51FC8 /* PBXContainerItemProxy */ = {
			isa = PBXContainerItemProxy;
			containerPortal = 860F5FA41732A34200E51FC8 /* Project object */;
			proxyType = 1;
			remoteGlobalIDString = 860F5FAB1732A34200E51FC8;
			remoteInfo = NetworkedLifeWithFB;
		};
/* End PBXContainerItemProxy section */

/* Begin PBXFileReference section */
		63B7A2EB1748B8C500D5ECE7 /* Default.jpg */ = {isa = PBXFileReference; lastKnownFileType = image.jpeg; path = Default.jpg; sourceTree = "<group>"; };
		63B7A2ED1748BEAD00D5ECE7 /* Icon.png */ = {isa = PBXFileReference; lastKnownFileType = image.png; path = Icon.png; sourceTree = "<group>"; };
		63B7A2EF1748BF1700D5ECE7 /* LikeIcon.jpg */ = {isa = PBXFileReference; lastKnownFileType = image.jpeg; path = LikeIcon.jpg; sourceTree = "<group>"; };
		63B7A2F01748BF1700D5ECE7 /* LocationIcon.jpg */ = {isa = PBXFileReference; lastKnownFileType = image.jpeg; path = LocationIcon.jpg; sourceTree = "<group>"; };
		8469C80E174673C600BD2008 /* fb-login.png */ = {isa = PBXFileReference; lastKnownFileType = image.png; path = "fb-login.png"; sourceTree = "<group>"; };
		8469C8101746745300BD2008 /* LoginViewController.h */ = {isa = PBXFileReference; fileEncoding = 4; lastKnownFileType = sourcecode.c.h; path = LoginViewController.h; sourceTree = "<group>"; };
		8469C8111746745300BD2008 /* LoginViewController.m */ = {isa = PBXFileReference; fileEncoding = 4; lastKnownFileType = sourcecode.c.objc; path = LoginViewController.m; sourceTree = "<group>"; };
		8469C813174678C000BD2008 /* bg.png */ = {isa = PBXFileReference; lastKnownFileType = image.png; path = bg.png; sourceTree = "<group>"; };
		8469C81617467A3400BD2008 /* check.png */ = {isa = PBXFileReference; lastKnownFileType = image.png; path = check.png; sourceTree = "<group>"; };
		8469C81717467A3400BD2008 /* MBProgressHUD.h */ = {isa = PBXFileReference; fileEncoding = 4; lastKnownFileType = sourcecode.c.h; path = MBProgressHUD.h; sourceTree = "<group>"; };
		8469C81817467A3400BD2008 /* MBProgressHUD.m */ = {isa = PBXFileReference; fileEncoding = 4; lastKnownFileType = sourcecode.c.objc; path = MBProgressHUD.m; sourceTree = "<group>"; };
		8469C81F17468C7100BD2008 /* Cell.h */ = {isa = PBXFileReference; fileEncoding = 4; lastKnownFileType = sourcecode.c.h; path = Cell.h; sourceTree = "<group>"; };
		8469C82017468C7100BD2008 /* Cell.m */ = {isa = PBXFileReference; fileEncoding = 4; lastKnownFileType = sourcecode.c.objc; path = Cell.m; sourceTree = "<group>"; };
		8469C84217468FAE00BD2008 /* Reachability.h */ = {isa = PBXFileReference; fileEncoding = 4; lastKnownFileType = sourcecode.c.h; path = Reachability.h; sourceTree = "<group>"; };
		8469C84317468FAE00BD2008 /* Reachability.m */ = {isa = PBXFileReference; fileEncoding = 4; lastKnownFileType = sourcecode.c.objc; path = Reachability.m; sourceTree = "<group>"; };
		8469C8451746901000BD2008 /* CFNetwork.framework */ = {isa = PBXFileReference; lastKnownFileType = wrapper.framework; name = CFNetwork.framework; path = System/Library/Frameworks/CFNetwork.framework; sourceTree = SDKROOT; };
		8469C8471746905900BD2008 /* SystemConfiguration.framework */ = {isa = PBXFileReference; lastKnownFileType = wrapper.framework; name = SystemConfiguration.framework; path = System/Library/Frameworks/SystemConfiguration.framework; sourceTree = SDKROOT; };
		8469C8491746911000BD2008 /* libz.dylib */ = {isa = PBXFileReference; lastKnownFileType = "compiled.mach-o.dylib"; name = libz.dylib; path = usr/lib/libz.dylib; sourceTree = SDKROOT; };
		8469C84B1746916800BD2008 /* MobileCoreServices.framework */ = {isa = PBXFileReference; lastKnownFileType = wrapper.framework; name = MobileCoreServices.framework; path = System/Library/Frameworks/MobileCoreServices.framework; sourceTree = SDKROOT; };
		8469C84D174695F300BD2008 /* line.png */ = {isa = PBXFileReference; lastKnownFileType = image.png; path = line.png; sourceTree = "<group>"; };
		8469C84F174697DD00BD2008 /* bg2.png */ = {isa = PBXFileReference; lastKnownFileType = image.png; path = bg2.png; sourceTree = "<group>"; };
		8469C851174698DF00BD2008 /* DetialViewController.h */ = {isa = PBXFileReference; fileEncoding = 4; lastKnownFileType = sourcecode.c.h; path = DetialViewController.h; sourceTree = "<group>"; };
		8469C852174698DF00BD2008 /* DetialViewController.m */ = {isa = PBXFileReference; fileEncoding = 4; lastKnownFileType = sourcecode.c.objc; path = DetialViewController.m; sourceTree = "<group>"; };
		849825D11748708000F6E319 /* MoPhotograph.h */ = {isa = PBXFileReference; fileEncoding = 4; lastKnownFileType = sourcecode.c.h; path = MoPhotograph.h; sourceTree = "<group>"; };
		849825D21748708000F6E319 /* MoPhotograph.m */ = {isa = PBXFileReference; fileEncoding = 4; lastKnownFileType = sourcecode.c.objc; path = MoPhotograph.m; sourceTree = "<group>"; };
		849825D9174870ED00F6E319 /* ASIAuthenticationDialog.h */ = {isa = PBXFileReference; fileEncoding = 4; lastKnownFileType = sourcecode.c.h; path = ASIAuthenticationDialog.h; sourceTree = "<group>"; };
		849825DA174870ED00F6E319 /* ASIAuthenticationDialog.m */ = {isa = PBXFileReference; fileEncoding = 4; lastKnownFileType = sourcecode.c.objc; path = ASIAuthenticationDialog.m; sourceTree = "<group>"; };
		849825DB174870ED00F6E319 /* ASICacheDelegate.h */ = {isa = PBXFileReference; fileEncoding = 4; lastKnownFileType = sourcecode.c.h; path = ASICacheDelegate.h; sourceTree = "<group>"; };
		849825DC174870ED00F6E319 /* ASIDataCompressor.h */ = {isa = PBXFileReference; fileEncoding = 4; lastKnownFileType = sourcecode.c.h; path = ASIDataCompressor.h; sourceTree = "<group>"; };
		849825DD174870ED00F6E319 /* ASIDataCompressor.m */ = {isa = PBXFileReference; fileEncoding = 4; lastKnownFileType = sourcecode.c.objc; path = ASIDataCompressor.m; sourceTree = "<group>"; };
		849825DE174870ED00F6E319 /* ASIDataDecompressor.h */ = {isa = PBXFileReference; fileEncoding = 4; lastKnownFileType = sourcecode.c.h; path = ASIDataDecompressor.h; sourceTree = "<group>"; };
		849825DF174870ED00F6E319 /* ASIDataDecompressor.m */ = {isa = PBXFileReference; fileEncoding = 4; lastKnownFileType = sourcecode.c.objc; path = ASIDataDecompressor.m; sourceTree = "<group>"; };
		849825E0174870ED00F6E319 /* ASIDownloadCache.h */ = {isa = PBXFileReference; fileEncoding = 4; lastKnownFileType = sourcecode.c.h; path = ASIDownloadCache.h; sourceTree = "<group>"; };
		849825E1174870ED00F6E319 /* ASIDownloadCache.m */ = {isa = PBXFileReference; fileEncoding = 4; lastKnownFileType = sourcecode.c.objc; path = ASIDownloadCache.m; sourceTree = "<group>"; };
		849825E2174870ED00F6E319 /* ASIFormDataRequest.h */ = {isa = PBXFileReference; fileEncoding = 4; lastKnownFileType = sourcecode.c.h; path = ASIFormDataRequest.h; sourceTree = "<group>"; };
		849825E3174870ED00F6E319 /* ASIFormDataRequest.m */ = {isa = PBXFileReference; fileEncoding = 4; lastKnownFileType = sourcecode.c.objc; path = ASIFormDataRequest.m; sourceTree = "<group>"; };
		849825E4174870ED00F6E319 /* ASIHTTPRequest.h */ = {isa = PBXFileReference; fileEncoding = 4; lastKnownFileType = sourcecode.c.h; path = ASIHTTPRequest.h; sourceTree = "<group>"; };
		849825E5174870ED00F6E319 /* ASIHTTPRequest.m */ = {isa = PBXFileReference; fileEncoding = 4; lastKnownFileType = sourcecode.c.objc; path = ASIHTTPRequest.m; sourceTree = "<group>"; };
		849825E6174870ED00F6E319 /* ASIHTTPRequestConfig.h */ = {isa = PBXFileReference; fileEncoding = 4; lastKnownFileType = sourcecode.c.h; path = ASIHTTPRequestConfig.h; sourceTree = "<group>"; };
		849825E7174870ED00F6E319 /* ASIHTTPRequestDelegate.h */ = {isa = PBXFileReference; fileEncoding = 4; lastKnownFileType = sourcecode.c.h; path = ASIHTTPRequestDelegate.h; sourceTree = "<group>"; };
		849825E8174870ED00F6E319 /* ASIInputStream.h */ = {isa = PBXFileReference; fileEncoding = 4; lastKnownFileType = sourcecode.c.h; path = ASIInputStream.h; sourceTree = "<group>"; };
		849825E9174870ED00F6E319 /* ASIInputStream.m */ = {isa = PBXFileReference; fileEncoding = 4; lastKnownFileType = sourcecode.c.objc; path = ASIInputStream.m; sourceTree = "<group>"; };
		849825EA174870ED00F6E319 /* ASINetworkQueue.h */ = {isa = PBXFileReference; fileEncoding = 4; lastKnownFileType = sourcecode.c.h; path = ASINetworkQueue.h; sourceTree = "<group>"; };
		849825EB174870ED00F6E319 /* ASINetworkQueue.m */ = {isa = PBXFileReference; fileEncoding = 4; lastKnownFileType = sourcecode.c.objc; path = ASINetworkQueue.m; sourceTree = "<group>"; };
		849825EC174870ED00F6E319 /* ASIProgressDelegate.h */ = {isa = PBXFileReference; fileEncoding = 4; lastKnownFileType = sourcecode.c.h; path = ASIProgressDelegate.h; sourceTree = "<group>"; };
		849825F51748710A00F6E319 /* JSON.h */ = {isa = PBXFileReference; fileEncoding = 4; lastKnownFileType = sourcecode.c.h; path = JSON.h; sourceTree = "<group>"; };
		849825F61748710A00F6E319 /* NSString+SBJSON.h */ = {isa = PBXFileReference; fileEncoding = 4; lastKnownFileType = sourcecode.c.h; path = "NSString+SBJSON.h"; sourceTree = "<group>"; };
		849825F71748710A00F6E319 /* SBJSON.h */ = {isa = PBXFileReference; fileEncoding = 4; lastKnownFileType = sourcecode.c.h; path = SBJSON.h; sourceTree = "<group>"; };
		849825F81748710A00F6E319 /* SBJsonBase.h */ = {isa = PBXFileReference; fileEncoding = 4; lastKnownFileType = sourcecode.c.h; path = SBJsonBase.h; sourceTree = "<group>"; };
		849825F91748710A00F6E319 /* SBJsonParser.h */ = {isa = PBXFileReference; fileEncoding = 4; lastKnownFileType = sourcecode.c.h; path = SBJsonParser.h; sourceTree = "<group>"; };
		849825FA1748710A00F6E319 /* SBJsonWriter.h */ = {isa = PBXFileReference; fileEncoding = 4; lastKnownFileType = sourcecode.c.h; path = SBJsonWriter.h; sourceTree = "<group>"; };
		860F5FAC1732A34200E51FC8 /* NetworkedLifeWithFB.app */ = {isa = PBXFileReference; explicitFileType = wrapper.application; includeInIndex = 0; path = NetworkedLifeWithFB.app; sourceTree = BUILT_PRODUCTS_DIR; };
		860F5FAF1732A34200E51FC8 /* UIKit.framework */ = {isa = PBXFileReference; lastKnownFileType = wrapper.framework; name = UIKit.framework; path = System/Library/Frameworks/UIKit.framework; sourceTree = SDKROOT; };
		860F5FB11732A34200E51FC8 /* Foundation.framework */ = {isa = PBXFileReference; lastKnownFileType = wrapper.framework; name = Foundation.framework; path = System/Library/Frameworks/Foundation.framework; sourceTree = SDKROOT; };
		860F5FB31732A34200E51FC8 /* CoreGraphics.framework */ = {isa = PBXFileReference; lastKnownFileType = wrapper.framework; name = CoreGraphics.framework; path = System/Library/Frameworks/CoreGraphics.framework; sourceTree = SDKROOT; };
		860F5FB71732A34200E51FC8 /* NetworkedLifeWithFB-Info.plist */ = {isa = PBXFileReference; lastKnownFileType = text.plist.xml; path = "NetworkedLifeWithFB-Info.plist"; sourceTree = "<group>"; };
		860F5FB91732A34200E51FC8 /* en */ = {isa = PBXFileReference; lastKnownFileType = text.plist.strings; name = en; path = en.lproj/InfoPlist.strings; sourceTree = "<group>"; };
		860F5FBB1732A34200E51FC8 /* main.m */ = {isa = PBXFileReference; lastKnownFileType = sourcecode.c.objc; path = main.m; sourceTree = "<group>"; };
		860F5FBD1732A34200E51FC8 /* NetworkedLifeWithFB-Prefix.pch */ = {isa = PBXFileReference; lastKnownFileType = sourcecode.c.h; path = "NetworkedLifeWithFB-Prefix.pch"; sourceTree = "<group>"; };
		860F5FBE1732A34200E51FC8 /* MainAppDelegate.h */ = {isa = PBXFileReference; lastKnownFileType = sourcecode.c.h; path = MainAppDelegate.h; sourceTree = "<group>"; };
		860F5FBF1732A34200E51FC8 /* MainAppDelegate.m */ = {isa = PBXFileReference; lastKnownFileType = sourcecode.c.objc; path = MainAppDelegate.m; sourceTree = "<group>"; };
		860F5FC11732A34200E51FC8 /* Default.png */ = {isa = PBXFileReference; lastKnownFileType = image.png; path = Default.png; sourceTree = "<group>"; };
		860F5FC31732A34200E51FC8 /* Default@2x.png */ = {isa = PBXFileReference; lastKnownFileType = image.png; path = "Default@2x.png"; sourceTree = "<group>"; };
		860F5FC51732A34200E51FC8 /* Default-568h@2x.png */ = {isa = PBXFileReference; lastKnownFileType = image.png; path = "Default-568h@2x.png"; sourceTree = "<group>"; };
		860F5FC81732A34200E51FC8 /* en */ = {isa = PBXFileReference; lastKnownFileType = file.storyboard; name = en; path = en.lproj/MainStoryboard.storyboard; sourceTree = "<group>"; };
		860F5FCA1732A34200E51FC8 /* MainViewController.h */ = {isa = PBXFileReference; lastKnownFileType = sourcecode.c.h; path = MainViewController.h; sourceTree = "<group>"; };
		860F5FCB1732A34200E51FC8 /* MainViewController.m */ = {isa = PBXFileReference; lastKnownFileType = sourcecode.c.objc; path = MainViewController.m; sourceTree = "<group>"; };
		860F5FD21732A34200E51FC8 /* NetworkedLifeWithFBTests.octest */ = {isa = PBXFileReference; explicitFileType = wrapper.cfbundle; includeInIndex = 0; path = NetworkedLifeWithFBTests.octest; sourceTree = BUILT_PRODUCTS_DIR; };
		860F5FD31732A34200E51FC8 /* SenTestingKit.framework */ = {isa = PBXFileReference; lastKnownFileType = wrapper.framework; name = SenTestingKit.framework; path = Library/Frameworks/SenTestingKit.framework; sourceTree = DEVELOPER_DIR; };
		860F5FDB1732A34200E51FC8 /* NetworkedLifeWithFBTests-Info.plist */ = {isa = PBXFileReference; lastKnownFileType = text.plist.xml; path = "NetworkedLifeWithFBTests-Info.plist"; sourceTree = "<group>"; };
		860F5FDD1732A34200E51FC8 /* en */ = {isa = PBXFileReference; lastKnownFileType = text.plist.strings; name = en; path = en.lproj/InfoPlist.strings; sourceTree = "<group>"; };
		860F5FDF1732A34200E51FC8 /* NetworkedLifeWithFBTests.h */ = {isa = PBXFileReference; lastKnownFileType = sourcecode.c.h; path = NetworkedLifeWithFBTests.h; sourceTree = "<group>"; };
		860F5FE01732A34200E51FC8 /* NetworkedLifeWithFBTests.m */ = {isa = PBXFileReference; lastKnownFileType = sourcecode.c.objc; path = NetworkedLifeWithFBTests.m; sourceTree = "<group>"; };
		8658FA231737A25F003F3458 /* MapKit.framework */ = {isa = PBXFileReference; lastKnownFileType = wrapper.framework; name = MapKit.framework; path = System/Library/Frameworks/MapKit.framework; sourceTree = SDKROOT; };
		865CFA7917449330005A9C45 /* Friend.h */ = {isa = PBXFileReference; fileEncoding = 4; lastKnownFileType = sourcecode.c.h; path = Friend.h; sourceTree = "<group>"; };
		865CFA7A17449330005A9C45 /* Friend.m */ = {isa = PBXFileReference; fileEncoding = 4; lastKnownFileType = sourcecode.c.objc; path = Friend.m; sourceTree = "<group>"; };
		865CFA7C17449331005A9C45 /* Checkin.h */ = {isa = PBXFileReference; fileEncoding = 4; lastKnownFileType = sourcecode.c.h; path = Checkin.h; sourceTree = "<group>"; };
		865CFA7D17449331005A9C45 /* Checkin.m */ = {isa = PBXFileReference; fileEncoding = 4; lastKnownFileType = sourcecode.c.objc; path = Checkin.m; sourceTree = "<group>"; };
		865CFA7F17449331005A9C45 /* User.h */ = {isa = PBXFileReference; fileEncoding = 4; lastKnownFileType = sourcecode.c.h; path = User.h; sourceTree = "<group>"; };
		865CFA8017449331005A9C45 /* User.m */ = {isa = PBXFileReference; fileEncoding = 4; lastKnownFileType = sourcecode.c.objc; path = User.m; sourceTree = "<group>"; };
		865CFA8217449331005A9C45 /* Like.h */ = {isa = PBXFileReference; fileEncoding = 4; lastKnownFileType = sourcecode.c.h; path = Like.h; sourceTree = "<group>"; };
		865CFA8317449331005A9C45 /* Like.m */ = {isa = PBXFileReference; fileEncoding = 4; lastKnownFileType = sourcecode.c.objc; path = Like.m; sourceTree = "<group>"; };
		86E130E4173F915D00E6D00F /* CoreLocation.framework */ = {isa = PBXFileReference; lastKnownFileType = wrapper.framework; name = CoreLocation.framework; path = System/Library/Frameworks/CoreLocation.framework; sourceTree = SDKROOT; };
		86E130FD1742266F00E6D00F /* CoreData.framework */ = {isa = PBXFileReference; lastKnownFileType = wrapper.framework; name = CoreData.framework; path = System/Library/Frameworks/CoreData.framework; sourceTree = SDKROOT; };
		86E13101174226DF00E6D00F /* NetworkedLifeDB.xcdatamodel */ = {isa = PBXFileReference; lastKnownFileType = wrapper.xcdatamodel; path = NetworkedLifeDB.xcdatamodel; sourceTree = "<group>"; };
		86EBFF72174623A700271237 /* FacebookSDK.framework */ = {isa = PBXFileReference; lastKnownFileType = wrapper.framework; path = FacebookSDK.framework; sourceTree = "<group>"; };
		86EBFF74174623E100271237 /* FacebookSDKResources.bundle */ = {isa = PBXFileReference; lastKnownFileType = "wrapper.plug-in"; name = FacebookSDKResources.bundle; path = FacebookSDK.framework/Versions/A/Resources/FacebookSDKResources.bundle; sourceTree = "<group>"; };
		86EBFF761746241700271237 /* FBUserSettingsViewResources.bundle */ = {isa = PBXFileReference; lastKnownFileType = "wrapper.plug-in"; name = FBUserSettingsViewResources.bundle; path = FacebookSDK.framework/Versions/A/Resources/FBUserSettingsViewResources.bundle; sourceTree = "<group>"; };
		86EBFF781746243E00271237 /* AdSupport.framework */ = {isa = PBXFileReference; lastKnownFileType = wrapper.framework; name = AdSupport.framework; path = System/Library/Frameworks/AdSupport.framework; sourceTree = SDKROOT; };
		86EBFF7A1746244500271237 /* Accounts.framework */ = {isa = PBXFileReference; lastKnownFileType = wrapper.framework; name = Accounts.framework; path = System/Library/Frameworks/Accounts.framework; sourceTree = SDKROOT; };
		86EBFF7C1746244E00271237 /* libsqlite3.dylib */ = {isa = PBXFileReference; lastKnownFileType = "compiled.mach-o.dylib"; name = libsqlite3.dylib; path = usr/lib/libsqlite3.dylib; sourceTree = SDKROOT; };
		86EBFF7E1746245400271237 /* Security.framework */ = {isa = PBXFileReference; lastKnownFileType = wrapper.framework; name = Security.framework; path = System/Library/Frameworks/Security.framework; sourceTree = SDKROOT; };
		86EBFF801746245E00271237 /* Social.framework */ = {isa = PBXFileReference; lastKnownFileType = wrapper.framework; name = Social.framework; path = System/Library/Frameworks/Social.framework; sourceTree = SDKROOT; };
/* End PBXFileReference section */

/* Begin PBXFrameworksBuildPhase section */
		860F5FA91732A34200E51FC8 /* Frameworks */ = {
			isa = PBXFrameworksBuildPhase;
			buildActionMask = 2147483647;
			files = (
				86EBFF811746245E00271237 /* Social.framework in Frameworks */,
				8469C84C1746916800BD2008 /* MobileCoreServices.framework in Frameworks */,
				860F5FB41732A34200E51FC8 /* CoreGraphics.framework in Frameworks */,
				8469C84A1746911000BD2008 /* libz.dylib in Frameworks */,
				8469C8481746905A00BD2008 /* SystemConfiguration.framework in Frameworks */,
				8469C8461746901000BD2008 /* CFNetwork.framework in Frameworks */,
				86EBFF7F1746245400271237 /* Security.framework in Frameworks */,
				86EBFF7D1746244E00271237 /* libsqlite3.dylib in Frameworks */,
				86EBFF7B1746244600271237 /* Accounts.framework in Frameworks */,
				86EBFF791746243E00271237 /* AdSupport.framework in Frameworks */,
				86E130FE1742266F00E6D00F /* CoreData.framework in Frameworks */,
				86E130E5173F915D00E6D00F /* CoreLocation.framework in Frameworks */,
				8658FA241737A25F003F3458 /* MapKit.framework in Frameworks */,
				860F5FB01732A34200E51FC8 /* UIKit.framework in Frameworks */,
				860F5FB21732A34200E51FC8 /* Foundation.framework in Frameworks */,
				860F5FB41732A34200E51FC8 /* CoreGraphics.framework in Frameworks */,
				86EBFF73174623A700271237 /* FacebookSDK.framework in Frameworks */,
			);
			runOnlyForDeploymentPostprocessing = 0;
		};
		860F5FCE1732A34200E51FC8 /* Frameworks */ = {
			isa = PBXFrameworksBuildPhase;
			buildActionMask = 2147483647;
			files = (
				860F5FD41732A34200E51FC8 /* SenTestingKit.framework in Frameworks */,
				860F5FD51732A34200E51FC8 /* UIKit.framework in Frameworks */,
				860F5FD61732A34200E51FC8 /* Foundation.framework in Frameworks */,
			);
			runOnlyForDeploymentPostprocessing = 0;
		};
/* End PBXFrameworksBuildPhase section */

/* Begin PBXGroup section */
		0AB57B14173789FE00BFC8FD /* View */ = {
			isa = PBXGroup;
			children = (
			);
			name = View;
			sourceTree = "<group>";
		};
		8469C81517467A3400BD2008 /* MBProgressHUD */ = {
			isa = PBXGroup;
			children = (
				8469C81617467A3400BD2008 /* check.png */,
				8469C81717467A3400BD2008 /* MBProgressHUD.h */,
				8469C81817467A3400BD2008 /* MBProgressHUD.m */,
			);
			path = MBProgressHUD;
			sourceTree = "<group>";
		};
		8469C81B17468C1600BD2008 /* API */ = {
			isa = PBXGroup;
			children = (
				849825D11748708000F6E319 /* MoPhotograph.h */,
				849825D21748708000F6E319 /* MoPhotograph.m */,
				8469C81F17468C7100BD2008 /* Cell.h */,
				8469C82017468C7100BD2008 /* Cell.m */,
			);
			path = API;
			sourceTree = "<group>";
		};
		8469C84117468FAE00BD2008 /* Reachability */ = {
			isa = PBXGroup;
			children = (
				8469C84217468FAE00BD2008 /* Reachability.h */,
				8469C84317468FAE00BD2008 /* Reachability.m */,
			);
			path = Reachability;
			sourceTree = "<group>";
		};
		849825D8174870ED00F6E319 /* ASIHTTPRequest */ = {
			isa = PBXGroup;
			children = (
				849825F51748710A00F6E319 /* JSON.h */,
				849825F61748710A00F6E319 /* NSString+SBJSON.h */,
				849825F71748710A00F6E319 /* SBJSON.h */,
				849825F81748710A00F6E319 /* SBJsonBase.h */,
				849825F91748710A00F6E319 /* SBJsonParser.h */,
				849825FA1748710A00F6E319 /* SBJsonWriter.h */,
				849825D9174870ED00F6E319 /* ASIAuthenticationDialog.h */,
				849825DA174870ED00F6E319 /* ASIAuthenticationDialog.m */,
				849825DB174870ED00F6E319 /* ASICacheDelegate.h */,
				849825DC174870ED00F6E319 /* ASIDataCompressor.h */,
				849825DD174870ED00F6E319 /* ASIDataCompressor.m */,
				849825DE174870ED00F6E319 /* ASIDataDecompressor.h */,
				849825DF174870ED00F6E319 /* ASIDataDecompressor.m */,
				849825E0174870ED00F6E319 /* ASIDownloadCache.h */,
				849825E1174870ED00F6E319 /* ASIDownloadCache.m */,
				849825E2174870ED00F6E319 /* ASIFormDataRequest.h */,
				849825E3174870ED00F6E319 /* ASIFormDataRequest.m */,
				849825E4174870ED00F6E319 /* ASIHTTPRequest.h */,
				849825E5174870ED00F6E319 /* ASIHTTPRequest.m */,
				849825E6174870ED00F6E319 /* ASIHTTPRequestConfig.h */,
				849825E7174870ED00F6E319 /* ASIHTTPRequestDelegate.h */,
				849825E8174870ED00F6E319 /* ASIInputStream.h */,
				849825E9174870ED00F6E319 /* ASIInputStream.m */,
				849825EA174870ED00F6E319 /* ASINetworkQueue.h */,
				849825EB174870ED00F6E319 /* ASINetworkQueue.m */,
				849825EC174870ED00F6E319 /* ASIProgressDelegate.h */,
			);
			path = ASIHTTPRequest;
			sourceTree = "<group>";
		};
		860F5FA31732A34200E51FC8 = {
			isa = PBXGroup;
			children = (
				63B7A2ED1748BEAD00D5ECE7 /* Icon.png */,
				860F5FB51732A34200E51FC8 /* NetworkedLifeWithFB */,
				860F5FD91732A34200E51FC8 /* NetworkedLifeWithFBTests */,
				860F5FAE1732A34200E51FC8 /* Frameworks */,
				860F5FAD1732A34200E51FC8 /* Products */,
			);
			sourceTree = "<group>";
		};
		860F5FAD1732A34200E51FC8 /* Products */ = {
			isa = PBXGroup;
			children = (
				860F5FAC1732A34200E51FC8 /* NetworkedLifeWithFB.app */,
				860F5FD21732A34200E51FC8 /* NetworkedLifeWithFBTests.octest */,
			);
			name = Products;
			sourceTree = "<group>";
		};
		860F5FAE1732A34200E51FC8 /* Frameworks */ = {
			isa = PBXGroup;
			children = (
				8469C84B1746916800BD2008 /* MobileCoreServices.framework */,
				8469C8491746911000BD2008 /* libz.dylib */,
				8469C8471746905900BD2008 /* SystemConfiguration.framework */,
				8469C8451746901000BD2008 /* CFNetwork.framework */,
				86EBFF801746245E00271237 /* Social.framework */,
				86EBFF7E1746245400271237 /* Security.framework */,
				86EBFF7C1746244E00271237 /* libsqlite3.dylib */,
				86EBFF7A1746244500271237 /* Accounts.framework */,
				86EBFF781746243E00271237 /* AdSupport.framework */,
				86EBFF761746241700271237 /* FBUserSettingsViewResources.bundle */,
				86EBFF74174623E100271237 /* FacebookSDKResources.bundle */,
				86EBFF72174623A700271237 /* FacebookSDK.framework */,
				86E130FD1742266F00E6D00F /* CoreData.framework */,
				86E130E4173F915D00E6D00F /* CoreLocation.framework */,
				8658FA231737A25F003F3458 /* MapKit.framework */,
				860F5FAF1732A34200E51FC8 /* UIKit.framework */,
				860F5FB11732A34200E51FC8 /* Foundation.framework */,
				860F5FB31732A34200E51FC8 /* CoreGraphics.framework */,
				860F5FD31732A34200E51FC8 /* SenTestingKit.framework */,
			);
			name = Frameworks;
			sourceTree = "<group>";
		};
		860F5FB51732A34200E51FC8 /* NetworkedLifeWithFB */ = {
			isa = PBXGroup;
			children = (
				86E130FF174226B200E6D00F /* Model */,
				0AB57B14173789FE00BFC8FD /* View */,
				860F5FBE1732A34200E51FC8 /* MainAppDelegate.h */,
				860F5FBF1732A34200E51FC8 /* MainAppDelegate.m */,
				860F5FC71732A34200E51FC8 /* MainStoryboard.storyboard */,
				860F5FCA1732A34200E51FC8 /* MainViewController.h */,
				860F5FCB1732A34200E51FC8 /* MainViewController.m */,
				8469C851174698DF00BD2008 /* DetialViewController.h */,
				8469C852174698DF00BD2008 /* DetialViewController.m */,
				8469C8101746745300BD2008 /* LoginViewController.h */,
				8469C8111746745300BD2008 /* LoginViewController.m */,
				849825D8174870ED00F6E319 /* ASIHTTPRequest */,
				8469C81B17468C1600BD2008 /* API */,
				8469C84117468FAE00BD2008 /* Reachability */,
				8469C81517467A3400BD2008 /* MBProgressHUD */,
				860F5FB61732A34200E51FC8 /* Supporting Files */,
			);
			path = NetworkedLifeWithFB;
			sourceTree = "<group>";
		};
		860F5FB61732A34200E51FC8 /* Supporting Files */ = {
			isa = PBXGroup;
			children = (
				63B7A2EF1748BF1700D5ECE7 /* LikeIcon.jpg */,
				63B7A2F01748BF1700D5ECE7 /* LocationIcon.jpg */,
				63B7A2EB1748B8C500D5ECE7 /* Default.jpg */,
				8469C84F174697DD00BD2008 /* bg2.png */,
				8469C84D174695F300BD2008 /* line.png */,
				860F5FB71732A34200E51FC8 /* NetworkedLifeWithFB-Info.plist */,
				860F5FB81732A34200E51FC8 /* InfoPlist.strings */,
				8469C813174678C000BD2008 /* bg.png */,
				860F5FBB1732A34200E51FC8 /* main.m */,
				860F5FBD1732A34200E51FC8 /* NetworkedLifeWithFB-Prefix.pch */,
				8469C80E174673C600BD2008 /* fb-login.png */,
				860F5FC11732A34200E51FC8 /* Default.png */,
				860F5FC31732A34200E51FC8 /* Default@2x.png */,
				860F5FC51732A34200E51FC8 /* Default-568h@2x.png */,
			);
			name = "Supporting Files";
			sourceTree = "<group>";
		};
		860F5FD91732A34200E51FC8 /* NetworkedLifeWithFBTests */ = {
			isa = PBXGroup;
			children = (
				860F5FDF1732A34200E51FC8 /* NetworkedLifeWithFBTests.h */,
				860F5FE01732A34200E51FC8 /* NetworkedLifeWithFBTests.m */,
				860F5FDA1732A34200E51FC8 /* Supporting Files */,
			);
			path = NetworkedLifeWithFBTests;
			sourceTree = "<group>";
		};
		860F5FDA1732A34200E51FC8 /* Supporting Files */ = {
			isa = PBXGroup;
			children = (
				860F5FDB1732A34200E51FC8 /* NetworkedLifeWithFBTests-Info.plist */,
				860F5FDC1732A34200E51FC8 /* InfoPlist.strings */,
			);
			name = "Supporting Files";
			sourceTree = "<group>";
		};
		86E130FF174226B200E6D00F /* Model */ = {
			isa = PBXGroup;
			children = (
				86E13100174226DF00E6D00F /* NetworkedLifeDB.xcdatamodeld */,
				865CFA8217449331005A9C45 /* Like.h */,
				865CFA8317449331005A9C45 /* Like.m */,
				865CFA7F17449331005A9C45 /* User.h */,
				865CFA8017449331005A9C45 /* User.m */,
				865CFA7C17449331005A9C45 /* Checkin.h */,
				865CFA7D17449331005A9C45 /* Checkin.m */,
				865CFA7917449330005A9C45 /* Friend.h */,
				865CFA7A17449330005A9C45 /* Friend.m */,
			);
			name = Model;
			sourceTree = "<group>";
		};
/* End PBXGroup section */

/* Begin PBXNativeTarget section */
		860F5FAB1732A34200E51FC8 /* NetworkedLifeWithFB */ = {
			isa = PBXNativeTarget;
			buildConfigurationList = 860F5FE41732A34200E51FC8 /* Build configuration list for PBXNativeTarget "NetworkedLifeWithFB" */;
			buildPhases = (
				860F5FA81732A34200E51FC8 /* Sources */,
				860F5FA91732A34200E51FC8 /* Frameworks */,
				860F5FAA1732A34200E51FC8 /* Resources */,
			);
			buildRules = (
			);
			dependencies = (
			);
			name = NetworkedLifeWithFB;
			productName = NetworkedLifeWithFB;
			productReference = 860F5FAC1732A34200E51FC8 /* NetworkedLifeWithFB.app */;
			productType = "com.apple.product-type.application";
		};
		860F5FD11732A34200E51FC8 /* NetworkedLifeWithFBTests */ = {
			isa = PBXNativeTarget;
			buildConfigurationList = 860F5FE71732A34200E51FC8 /* Build configuration list for PBXNativeTarget "NetworkedLifeWithFBTests" */;
			buildPhases = (
				860F5FCD1732A34200E51FC8 /* Sources */,
				860F5FCE1732A34200E51FC8 /* Frameworks */,
				860F5FCF1732A34200E51FC8 /* Resources */,
				860F5FD01732A34200E51FC8 /* ShellScript */,
			);
			buildRules = (
			);
			dependencies = (
				860F5FD81732A34200E51FC8 /* PBXTargetDependency */,
			);
			name = NetworkedLifeWithFBTests;
			productName = NetworkedLifeWithFBTests;
			productReference = 860F5FD21732A34200E51FC8 /* NetworkedLifeWithFBTests.octest */;
			productType = "com.apple.product-type.bundle";
		};
/* End PBXNativeTarget section */

/* Begin PBXProject section */
		860F5FA41732A34200E51FC8 /* Project object */ = {
			isa = PBXProject;
			attributes = {
				CLASSPREFIX = Main;
				LastUpgradeCheck = 0460;
				ORGANIZATIONNAME = YiBin;
			};
			buildConfigurationList = 860F5FA71732A34200E51FC8 /* Build configuration list for PBXProject "NetworkedLifeWithFB" */;
			compatibilityVersion = "Xcode 3.2";
			developmentRegion = English;
			hasScannedForEncodings = 0;
			knownRegions = (
				en,
			);
			mainGroup = 860F5FA31732A34200E51FC8;
			productRefGroup = 860F5FAD1732A34200E51FC8 /* Products */;
			projectDirPath = "";
			projectRoot = "";
			targets = (
				860F5FAB1732A34200E51FC8 /* NetworkedLifeWithFB */,
				860F5FD11732A34200E51FC8 /* NetworkedLifeWithFBTests */,
			);
		};
/* End PBXProject section */

/* Begin PBXResourcesBuildPhase section */
		860F5FAA1732A34200E51FC8 /* Resources */ = {
			isa = PBXResourcesBuildPhase;
			buildActionMask = 2147483647;
			files = (
				860F5FBA1732A34200E51FC8 /* InfoPlist.strings in Resources */,
				860F5FC21732A34200E51FC8 /* Default.png in Resources */,
				860F5FC41732A34200E51FC8 /* Default@2x.png in Resources */,
				860F5FC61732A34200E51FC8 /* Default-568h@2x.png in Resources */,
				860F5FC91732A34200E51FC8 /* MainStoryboard.storyboard in Resources */,
				8469C80F174673C600BD2008 /* fb-login.png in Resources */,
				8469C814174678C000BD2008 /* bg.png in Resources */,
				8469C81917467A3400BD2008 /* check.png in Resources */,
				8469C84E174695F300BD2008 /* line.png in Resources */,
				8469C850174697DD00BD2008 /* bg2.png in Resources */,
				86EBFF75174623E100271237 /* FacebookSDKResources.bundle in Resources */,
				86EBFF771746241700271237 /* FBUserSettingsViewResources.bundle in Resources */,
				63B7A2EC1748B8C500D5ECE7 /* Default.jpg in Resources */,
				63B7A2EE1748BEAD00D5ECE7 /* Icon.png in Resources */,
				63B7A2F11748BF1700D5ECE7 /* LikeIcon.jpg in Resources */,
				63B7A2F21748BF1700D5ECE7 /* LocationIcon.jpg in Resources */,
			);
			runOnlyForDeploymentPostprocessing = 0;
		};
		860F5FCF1732A34200E51FC8 /* Resources */ = {
			isa = PBXResourcesBuildPhase;
			buildActionMask = 2147483647;
			files = (
				860F5FDE1732A34200E51FC8 /* InfoPlist.strings in Resources */,
			);
			runOnlyForDeploymentPostprocessing = 0;
		};
/* End PBXResourcesBuildPhase section */

/* Begin PBXShellScriptBuildPhase section */
		860F5FD01732A34200E51FC8 /* ShellScript */ = {
			isa = PBXShellScriptBuildPhase;
			buildActionMask = 2147483647;
			files = (
			);
			inputPaths = (
			);
			outputPaths = (
			);
			runOnlyForDeploymentPostprocessing = 0;
			shellPath = /bin/sh;
			shellScript = "# Run the unit tests in this test bundle.\n\"${SYSTEM_DEVELOPER_DIR}/Tools/RunUnitTests\"\n";
		};
/* End PBXShellScriptBuildPhase section */

/* Begin PBXSourcesBuildPhase section */
		860F5FA81732A34200E51FC8 /* Sources */ = {
			isa = PBXSourcesBuildPhase;
			buildActionMask = 2147483647;
			files = (
				860F5FBC1732A34200E51FC8 /* main.m in Sources */,
				860F5FC01732A34200E51FC8 /* MainAppDelegate.m in Sources */,
				860F5FCC1732A34200E51FC8 /* MainViewController.m in Sources */,
				86E13102174226DF00E6D00F /* NetworkedLifeDB.xcdatamodeld in Sources */,
				865CFA7B17449330005A9C45 /* Friend.m in Sources */,
				865CFA7E17449331005A9C45 /* Checkin.m in Sources */,
				865CFA8117449331005A9C45 /* User.m in Sources */,
				865CFA8417449331005A9C45 /* Like.m in Sources */,
				8469C8121746745300BD2008 /* LoginViewController.m in Sources */,
				8469C81A17467A3400BD2008 /* MBProgressHUD.m in Sources */,
				8469C82217468C7100BD2008 /* Cell.m in Sources */,
				8469C84417468FAE00BD2008 /* Reachability.m in Sources */,
				8469C853174698E000BD2008 /* DetialViewController.m in Sources */,
				849825D31748708000F6E319 /* MoPhotograph.m in Sources */,
				849825ED174870ED00F6E319 /* ASIAuthenticationDialog.m in Sources */,
				849825EE174870ED00F6E319 /* ASIDataCompressor.m in Sources */,
				849825EF174870ED00F6E319 /* ASIDataDecompressor.m in Sources */,
				849825F0174870ED00F6E319 /* ASIDownloadCache.m in Sources */,
				849825F1174870ED00F6E319 /* ASIFormDataRequest.m in Sources */,
				849825F2174870ED00F6E319 /* ASIHTTPRequest.m in Sources */,
				849825F3174870ED00F6E319 /* ASIInputStream.m in Sources */,
				849825F4174870ED00F6E319 /* ASINetworkQueue.m in Sources */,
			);
			runOnlyForDeploymentPostprocessing = 0;
		};
		860F5FCD1732A34200E51FC8 /* Sources */ = {
			isa = PBXSourcesBuildPhase;
			buildActionMask = 2147483647;
			files = (
				860F5FE11732A34200E51FC8 /* NetworkedLifeWithFBTests.m in Sources */,
			);
			runOnlyForDeploymentPostprocessing = 0;
		};
/* End PBXSourcesBuildPhase section */

/* Begin PBXTargetDependency section */
		860F5FD81732A34200E51FC8 /* PBXTargetDependency */ = {
			isa = PBXTargetDependency;
			target = 860F5FAB1732A34200E51FC8 /* NetworkedLifeWithFB */;
			targetProxy = 860F5FD71732A34200E51FC8 /* PBXContainerItemProxy */;
		};
/* End PBXTargetDependency section */

/* Begin PBXVariantGroup section */
		860F5FB81732A34200E51FC8 /* InfoPlist.strings */ = {
			isa = PBXVariantGroup;
			children = (
				860F5FB91732A34200E51FC8 /* en */,
			);
			name = InfoPlist.strings;
			sourceTree = "<group>";
		};
		860F5FC71732A34200E51FC8 /* MainStoryboard.storyboard */ = {
			isa = PBXVariantGroup;
			children = (
				860F5FC81732A34200E51FC8 /* en */,
			);
			name = MainStoryboard.storyboard;
			sourceTree = "<group>";
		};
		860F5FDC1732A34200E51FC8 /* InfoPlist.strings */ = {
			isa = PBXVariantGroup;
			children = (
				860F5FDD1732A34200E51FC8 /* en */,
			);
			name = InfoPlist.strings;
			sourceTree = "<group>";
		};
/* End PBXVariantGroup section */

/* Begin XCBuildConfiguration section */
		860F5FE21732A34200E51FC8 /* Debug */ = {
			isa = XCBuildConfiguration;
			buildSettings = {
				ALWAYS_SEARCH_USER_PATHS = NO;
				CLANG_CXX_LANGUAGE_STANDARD = "gnu++0x";
				CLANG_CXX_LIBRARY = "libc++";
				CLANG_ENABLE_OBJC_ARC = YES;
				CLANG_WARN_CONSTANT_CONVERSION = YES;
				CLANG_WARN_EMPTY_BODY = YES;
				CLANG_WARN_ENUM_CONVERSION = YES;
				CLANG_WARN_INT_CONVERSION = YES;
				CLANG_WARN__DUPLICATE_METHOD_MATCH = YES;
				CODE_SIGN_IDENTITY = "iPhone Developer: chen yang chou (2N57W9V53T)";
				"CODE_SIGN_IDENTITY[sdk=iphoneos*]" = "iPhone Developer: chen yang chou (2N57W9V53T)";
				COPY_PHASE_STRIP = NO;
				GCC_C_LANGUAGE_STANDARD = gnu99;
				GCC_DYNAMIC_NO_PIC = NO;
				GCC_OPTIMIZATION_LEVEL = 0;
				GCC_PREPROCESSOR_DEFINITIONS = (
					"DEBUG=1",
					"$(inherited)",
				);
				GCC_SYMBOLS_PRIVATE_EXTERN = NO;
				GCC_WARN_ABOUT_RETURN_TYPE = YES;
				GCC_WARN_UNINITIALIZED_AUTOS = YES;
				GCC_WARN_UNUSED_VARIABLE = YES;
				IPHONEOS_DEPLOYMENT_TARGET = 6.1;
				ONLY_ACTIVE_ARCH = YES;
				PROVISIONING_PROFILE = "998AA94A-8852-451B-BC66-AA8B620E3D10";
				"PROVISIONING_PROFILE[sdk=iphoneos*]" = "998AA94A-8852-451B-BC66-AA8B620E3D10";
				SDKROOT = iphoneos;
			};
			name = Debug;
		};
		860F5FE31732A34200E51FC8 /* Release */ = {
			isa = XCBuildConfiguration;
			buildSettings = {
				ALWAYS_SEARCH_USER_PATHS = NO;
				CLANG_CXX_LANGUAGE_STANDARD = "gnu++0x";
				CLANG_CXX_LIBRARY = "libc++";
				CLANG_ENABLE_OBJC_ARC = YES;
				CLANG_WARN_CONSTANT_CONVERSION = YES;
				CLANG_WARN_EMPTY_BODY = YES;
				CLANG_WARN_ENUM_CONVERSION = YES;
				CLANG_WARN_INT_CONVERSION = YES;
				CLANG_WARN__DUPLICATE_METHOD_MATCH = YES;
				CODE_SIGN_IDENTITY = "iPhone Developer: chen yang chou (2N57W9V53T)";
				"CODE_SIGN_IDENTITY[sdk=iphoneos*]" = "iPhone Developer: chen yang chou (2N57W9V53T)";
				COPY_PHASE_STRIP = YES;
				GCC_C_LANGUAGE_STANDARD = gnu99;
				GCC_WARN_ABOUT_RETURN_TYPE = YES;
				GCC_WARN_UNINITIALIZED_AUTOS = YES;
				GCC_WARN_UNUSED_VARIABLE = YES;
				IPHONEOS_DEPLOYMENT_TARGET = 6.1;
				OTHER_CFLAGS = "-DNS_BLOCK_ASSERTIONS=1";
				PROVISIONING_PROFILE = "998AA94A-8852-451B-BC66-AA8B620E3D10";
				"PROVISIONING_PROFILE[sdk=iphoneos*]" = "998AA94A-8852-451B-BC66-AA8B620E3D10";
				SDKROOT = iphoneos;
				VALIDATE_PRODUCT = YES;
			};
			name = Release;
		};
		860F5FE51732A34200E51FC8 /* Debug */ = {
			isa = XCBuildConfiguration;
			buildSettings = {
				CLANG_ENABLE_OBJC_ARC = YES;
				CODE_SIGN_IDENTITY = "iPhone Developer: Lin Can (H5V8RQMFQ7)";
				"CODE_SIGN_IDENTITY[sdk=iphoneos*]" = "iPhone Developer: Lin Can (H5V8RQMFQ7)";
				FRAMEWORK_SEARCH_PATHS = (
					"$(inherited)",
					"\"$(SRCROOT)\"",
				);
				GCC_PRECOMPILE_PREFIX_HEADER = YES;
				GCC_PREFIX_HEADER = "NetworkedLifeWithFB/NetworkedLifeWithFB-Prefix.pch";
				INFOPLIST_FILE = "NetworkedLifeWithFB/NetworkedLifeWithFB-Info.plist";
				IPHONEOS_DEPLOYMENT_TARGET = 5.1;
				LIBRARY_SEARCH_PATHS = (
					"$(inherited)",
					"\"$(SRCROOT)/NetworkedLifeWithFBTests/facebook\"",
					"\"$(SRCROOT)/NetworkedLifeWithFB/facebook\"",
				);
				PRODUCT_NAME = "$(TARGET_NAME)";
				PROVISIONING_PROFILE = "B2B0DEFB-2F76-4C1F-9A34-8B1DDF2BD690";
				"PROVISIONING_PROFILE[sdk=iphoneos*]" = "B2B0DEFB-2F76-4C1F-9A34-8B1DDF2BD690";
				WRAPPER_EXTENSION = app;
			};
			name = Debug;
		};
		860F5FE61732A34200E51FC8 /* Release */ = {
			isa = XCBuildConfiguration;
			buildSettings = {
				CLANG_ENABLE_OBJC_ARC = YES;
				CODE_SIGN_IDENTITY = "iPhone Developer: Lin Can (H5V8RQMFQ7)";
				"CODE_SIGN_IDENTITY[sdk=iphoneos*]" = "iPhone Developer: Lin Can (H5V8RQMFQ7)";
				FRAMEWORK_SEARCH_PATHS = (
					"$(inherited)",
					"\"$(SRCROOT)\"",
				);
				GCC_PRECOMPILE_PREFIX_HEADER = YES;
				GCC_PREFIX_HEADER = "NetworkedLifeWithFB/NetworkedLifeWithFB-Prefix.pch";
				INFOPLIST_FILE = "NetworkedLifeWithFB/NetworkedLifeWithFB-Info.plist";
				IPHONEOS_DEPLOYMENT_TARGET = 5.1;
				LIBRARY_SEARCH_PATHS = (
					"$(inherited)",
					"\"$(SRCROOT)/NetworkedLifeWithFBTests/facebook\"",
					"\"$(SRCROOT)/NetworkedLifeWithFB/facebook\"",
				);
				PRODUCT_NAME = "$(TARGET_NAME)";
				PROVISIONING_PROFILE = "B2B0DEFB-2F76-4C1F-9A34-8B1DDF2BD690";
				"PROVISIONING_PROFILE[sdk=iphoneos*]" = "B2B0DEFB-2F76-4C1F-9A34-8B1DDF2BD690";
				WRAPPER_EXTENSION = app;
			};
			name = Release;
		};
		860F5FE81732A34200E51FC8 /* Debug */ = {
			isa = XCBuildConfiguration;
			buildSettings = {
				BUNDLE_LOADER = "$(BUILT_PRODUCTS_DIR)/NetworkedLifeWithFB.app/NetworkedLifeWithFB";
				FRAMEWORK_SEARCH_PATHS = (
					"\"$(SDKROOT)/Developer/Library/Frameworks\"",
					"\"$(DEVELOPER_LIBRARY_DIR)/Frameworks\"",
				);
				GCC_PRECOMPILE_PREFIX_HEADER = YES;
				GCC_PREFIX_HEADER = "NetworkedLifeWithFB/NetworkedLifeWithFB-Prefix.pch";
				INFOPLIST_FILE = "NetworkedLifeWithFBTests/NetworkedLifeWithFBTests-Info.plist";
				PRODUCT_NAME = "$(TARGET_NAME)";
				TEST_HOST = "$(BUNDLE_LOADER)";
				WRAPPER_EXTENSION = octest;
			};
			name = Debug;
		};
		860F5FE91732A34200E51FC8 /* Release */ = {
			isa = XCBuildConfiguration;
			buildSettings = {
				BUNDLE_LOADER = "$(BUILT_PRODUCTS_DIR)/NetworkedLifeWithFB.app/NetworkedLifeWithFB";
				FRAMEWORK_SEARCH_PATHS = (
					"\"$(SDKROOT)/Developer/Library/Frameworks\"",
					"\"$(DEVELOPER_LIBRARY_DIR)/Frameworks\"",
				);
				GCC_PRECOMPILE_PREFIX_HEADER = YES;
				GCC_PREFIX_HEADER = "NetworkedLifeWithFB/NetworkedLifeWithFB-Prefix.pch";
				INFOPLIST_FILE = "NetworkedLifeWithFBTests/NetworkedLifeWithFBTests-Info.plist";
				PRODUCT_NAME = "$(TARGET_NAME)";
				TEST_HOST = "$(BUNDLE_LOADER)";
				WRAPPER_EXTENSION = octest;
			};
			name = Release;
		};
/* End XCBuildConfiguration section */

/* Begin XCConfigurationList section */
		860F5FA71732A34200E51FC8 /* Build configuration list for PBXProject "NetworkedLifeWithFB" */ = {
			isa = XCConfigurationList;
			buildConfigurations = (
				860F5FE21732A34200E51FC8 /* Debug */,
				860F5FE31732A34200E51FC8 /* Release */,
			);
			defaultConfigurationIsVisible = 0;
			defaultConfigurationName = Release;
		};
		860F5FE41732A34200E51FC8 /* Build configuration list for PBXNativeTarget "NetworkedLifeWithFB" */ = {
			isa = XCConfigurationList;
			buildConfigurations = (
				860F5FE51732A34200E51FC8 /* Debug */,
				860F5FE61732A34200E51FC8 /* Release */,
			);
			defaultConfigurationIsVisible = 0;
			defaultConfigurationName = Release;
		};
		860F5FE71732A34200E51FC8 /* Build configuration list for PBXNativeTarget "NetworkedLifeWithFBTests" */ = {
			isa = XCConfigurationList;
			buildConfigurations = (
				860F5FE81732A34200E51FC8 /* Debug */,
				860F5FE91732A34200E51FC8 /* Release */,
			);
			defaultConfigurationIsVisible = 0;
			defaultConfigurationName = Release;
		};
/* End XCConfigurationList section */

/* Begin XCVersionGroup section */
		86E13100174226DF00E6D00F /* NetworkedLifeDB.xcdatamodeld */ = {
			isa = XCVersionGroup;
			children = (
				86E13101174226DF00E6D00F /* NetworkedLifeDB.xcdatamodel */,
			);
			currentVersion = 86E13101174226DF00E6D00F /* NetworkedLifeDB.xcdatamodel */;
			path = NetworkedLifeDB.xcdatamodeld;
			sourceTree = "<group>";
			versionGroupType = wrapper.xcdatamodel;
		};
/* End XCVersionGroup section */
	};
	rootObject = 860F5FA41732A34200E51FC8 /* Project object */;
}
