// !$*UTF8*$!
{
	archiveVersion = 1;
	classes = {
	};
	objectVersion = 46;
	objects = {

/* Begin PBXBuildFile section */
		860F5FB01732A34200E51FC8 /* UIKit.framework in Frameworks */ = {isa = PBXBuildFile; fileRef = 860F5FAF1732A34200E51FC8 /* UIKit.framework */; };
		860F5FB21732A34200E51FC8 /* Foundation.framework in Frameworks */ = {isa = PBXBuildFile; fileRef = 860F5FB11732A34200E51FC8 /* Foundation.framework */; };
		860F5FB41732A34200E51FC8 /* CoreGraphics.framework in Frameworks */ = {isa = PBXBuildFile; fileRef = 860F5FB31732A34200E51FC8 /* CoreGraphics.framework */; };
		860F5FBA1732A34200E51FC8 /* InfoPlist.strings in Resources */ = {isa = PBXBuildFile; fileRef = 860F5FB81732A34200E51FC8 /* InfoPlist.strings */; };
		860F5FBC1732A34200E51FC8 /* main.m in Sources */ = {isa = PBXBuildFile; fileRef = 860F5FBB1732A34200E51FC8 /* main.m */; };
		860F5FC01732A34200E51FC8 /* MainAppDelegate.m in Sources */ = {isa = PBXBuildFile; fileRef = 860F5FBF1732A34200E51FC8 /* MainAppDelegate.m */; };
		860F5FC21732A34200E51FC8 /* Default.png in Resources */ = {isa = PBXBuildFile; fileRef = 860F5FC11732A34200E51FC8 /* Default.png */; };
		860F5FC41732A34200E51FC8 /* Default@2x.png in Resources */ = {isa = PBXBuildFile; fileRef = 860F5FC31732A34200E51FC8 /* Default@2x.png */; };
		860F5FC61732A34200E51FC8 /* Default-568h@2x.png in Resources */ = {isa = PBXBuildFile; fileRef = 860F5FC51732A34200E51FC8 /* Default-568h@2x.png */; };
		860F5FC91732A34200E51FC8 /* MainStoryboard.storyboard in Resources */ = {isa = PBXBuildFile; fileRef = 860F5FC71732A34200E51FC8 /* MainStoryboard.storyboard */; };
		860F5FCC1732A34200E51FC8 /* MainViewController.m in Sources */ = {isa = PBXBuildFile; fileRef = 860F5FCB1732A34200E51FC8 /* MainViewController.m */; };
		860F5FD41732A34200E51FC8 /* SenTestingKit.framework in Frameworks */ = {isa = PBXBuildFile; fileRef = 860F5FD31732A34200E51FC8 /* SenTestingKit.framework */; };
		860F5FD51732A34200E51FC8 /* UIKit.framework in Frameworks */ = {isa = PBXBuildFile; fileRef = 860F5FAF1732A34200E51FC8 /* UIKit.framework */; };
		860F5FD61732A34200E51FC8 /* Foundation.framework in Frameworks */ = {isa = PBXBuildFile; fileRef = 860F5FB11732A34200E51FC8 /* Foundation.framework */; };
		860F5FDE1732A34200E51FC8 /* InfoPlist.strings in Resources */ = {isa = PBXBuildFile; fileRef = 860F5FDC1732A34200E51FC8 /* InfoPlist.strings */; };
		860F5FE11732A34200E51FC8 /* NetworkedLifeWithFBTests.m in Sources */ = {isa = PBXBuildFile; fileRef = 860F5FE01732A34200E51FC8 /* NetworkedLifeWithFBTests.m */; };
		8658FA241737A25F003F3458 /* MapKit.framework in Frameworks */ = {isa = PBXBuildFile; fileRef = 8658FA231737A25F003F3458 /* MapKit.framework */; };
		865CFA7B17449330005A9C45 /* Friend.m in Sources */ = {isa = PBXBuildFile; fileRef = 865CFA7A17449330005A9C45 /* Friend.m */; };
		865CFA7E17449331005A9C45 /* Checkin.m in Sources */ = {isa = PBXBuildFile; fileRef = 865CFA7D17449331005A9C45 /* Checkin.m */; };
		865CFA8117449331005A9C45 /* User.m in Sources */ = {isa = PBXBuildFile; fileRef = 865CFA8017449331005A9C45 /* User.m */; };
		865CFA8417449331005A9C45 /* Like.m in Sources */ = {isa = PBXBuildFile; fileRef = 865CFA8317449331005A9C45 /* Like.m */; };
		86E130E5173F915D00E6D00F /* CoreLocation.framework in Frameworks */ = {isa = PBXBuildFile; fileRef = 86E130E4173F915D00E6D00F /* CoreLocation.framework */; };
		86E130FE1742266F00E6D00F /* CoreData.framework in Frameworks */ = {isa = PBXBuildFile; fileRef = 86E130FD1742266F00E6D00F /* CoreData.framework */; };
		86E13102174226DF00E6D00F /* NetworkedLifeDB.xcdatamodeld in Sources */ = {isa = PBXBuildFile; fileRef = 86E13100174226DF00E6D00F /* NetworkedLifeDB.xcdatamodeld */; };
		86EBFF73174623A700271237 /* FacebookSDK.framework in Frameworks */ = {isa = PBXBuildFile; fileRef = 86EBFF72174623A700271237 /* FacebookSDK.framework */; };
		86EBFF75174623E100271237 /* FacebookSDKResources.bundle in Resources */ = {isa = PBXBuildFile; fileRef = 86EBFF74174623E100271237 /* FacebookSDKResources.bundle */; };
		86EBFF771746241700271237 /* FBUserSettingsViewResources.bundle in Resources */ = {isa = PBXBuildFile; fileRef = 86EBFF761746241700271237 /* FBUserSettingsViewResources.bundle */; };
		86EBFF791746243E00271237 /* AdSupport.framework in Frameworks */ = {isa = PBXBuildFile; fileRef = 86EBFF781746243E00271237 /* AdSupport.framework */; };
		86EBFF7B1746244600271237 /* Accounts.framework in Frameworks */ = {isa = PBXBuildFile; fileRef = 86EBFF7A1746244500271237 /* Accounts.framework */; };
		86EBFF7D1746244E00271237 /* libsqlite3.dylib in Frameworks */ = {isa = PBXBuildFile; fileRef = 86EBFF7C1746244E00271237 /* libsqlite3.dylib */; };
		86EBFF7F1746245400271237 /* Security.framework in Frameworks */ = {isa = PBXBuildFile; fileRef = 86EBFF7E1746245400271237 /* Security.framework */; };
		86EBFF811746245E00271237 /* Social.framework in Frameworks */ = {isa = PBXBuildFile; fileRef = 86EBFF801746245E00271237 /* Social.framework */; };
/* End PBXBuildFile section */

/* Begin PBXContainerItemProxy section */
		860F5FD71732A34200E51FC8 /* PBXContainerItemProxy */ = {
			isa = PBXContainerItemProxy;
			containerPortal = 860F5FA41732A34200E51FC8 /* Project object */;
			proxyType = 1;
			remoteGlobalIDString = 860F5FAB1732A34200E51FC8;
			remoteInfo = NetworkedLifeWithFB;
		};
/* End PBXContainerItemProxy section */

/* Begin PBXFileReference section */
		860F5FAC1732A34200E51FC8 /* NetworkedLifeWithFB.app */ = {isa = PBXFileReference; explicitFileType = wrapper.application; includeInIndex = 0; path = NetworkedLifeWithFB.app; sourceTree = BUILT_PRODUCTS_DIR; };
		860F5FAF1732A34200E51FC8 /* UIKit.framework */ = {isa = PBXFileReference; lastKnownFileType = wrapper.framework; name = UIKit.framework; path = System/Library/Frameworks/UIKit.framework; sourceTree = SDKROOT; };
		860F5FB11732A34200E51FC8 /* Foundation.framework */ = {isa = PBXFileReference; lastKnownFileType = wrapper.framework; name = Foundation.framework; path = System/Library/Frameworks/Foundation.framework; sourceTree = SDKROOT; };
		860F5FB31732A34200E51FC8 /* CoreGraphics.framework */ = {isa = PBXFileReference; lastKnownFileType = wrapper.framework; name = CoreGraphics.framework; path = System/Library/Frameworks/CoreGraphics.framework; sourceTree = SDKROOT; };
		860F5FB71732A34200E51FC8 /* NetworkedLifeWithFB-Info.plist */ = {isa = PBXFileReference; lastKnownFileType = text.plist.xml; path = "NetworkedLifeWithFB-Info.plist"; sourceTree = "<group>"; };
		860F5FB91732A34200E51FC8 /* en */ = {isa = PBXFileReference; lastKnownFileType = text.plist.strings; name = en; path = en.lproj/InfoPlist.strings; sourceTree = "<group>"; };
		860F5FBB1732A34200E51FC8 /* main.m */ = {isa = PBXFileReference; lastKnownFileType = sourcecode.c.objc; path = main.m; sourceTree = "<group>"; };
		860F5FBD1732A34200E51FC8 /* NetworkedLifeWithFB-Prefix.pch */ = {isa = PBXFileReference; lastKnownFileType = sourcecode.c.h; path = "NetworkedLifeWithFB-Prefix.pch"; sourceTree = "<group>"; };
		860F5FBE1732A34200E51FC8 /* MainAppDelegate.h */ = {isa = PBXFileReference; lastKnownFileType = sourcecode.c.h; path = MainAppDelegate.h; sourceTree = "<group>"; };
		860F5FBF1732A34200E51FC8 /* MainAppDelegate.m */ = {isa = PBXFileReference; lastKnownFileType = sourcecode.c.objc; path = MainAppDelegate.m; sourceTree = "<group>"; };
		860F5FC11732A34200E51FC8 /* Default.png */ = {isa = PBXFileReference; lastKnownFileType = image.png; path = Default.png; sourceTree = "<group>"; };
		860F5FC31732A34200E51FC8 /* Default@2x.png */ = {isa = PBXFileReference; lastKnownFileType = image.png; path = "Default@2x.png"; sourceTree = "<group>"; };
		860F5FC51732A34200E51FC8 /* Default-568h@2x.png */ = {isa = PBXFileReference; lastKnownFileType = image.png; path = "Default-568h@2x.png"; sourceTree = "<group>"; };
		860F5FC81732A34200E51FC8 /* en */ = {isa = PBXFileReference; lastKnownFileType = file.storyboard; name = en; path = en.lproj/MainStoryboard.storyboard; sourceTree = "<group>"; };
		860F5FCA1732A34200E51FC8 /* MainViewController.h */ = {isa = PBXFileReference; lastKnownFileType = sourcecode.c.h; path = MainViewController.h; sourceTree = "<group>"; };
		860F5FCB1732A34200E51FC8 /* MainViewController.m */ = {isa = PBXFileReference; lastKnownFileType = sourcecode.c.objc; path = MainViewController.m; sourceTree = "<group>"; };
		860F5FD21732A34200E51FC8 /* NetworkedLifeWithFBTests.octest */ = {isa = PBXFileReference; explicitFileType = wrapper.cfbundle; includeInIndex = 0; path = NetworkedLifeWithFBTests.octest; sourceTree = BUILT_PRODUCTS_DIR; };
		860F5FD31732A34200E51FC8 /* SenTestingKit.framework */ = {isa = PBXFileReference; lastKnownFileType = wrapper.framework; name = SenTestingKit.framework; path = Library/Frameworks/SenTestingKit.framework; sourceTree = DEVELOPER_DIR; };
		860F5FDB1732A34200E51FC8 /* NetworkedLifeWithFBTests-Info.plist */ = {isa = PBXFileReference; lastKnownFileType = text.plist.xml; path = "NetworkedLifeWithFBTests-Info.plist"; sourceTree = "<group>"; };
		860F5FDD1732A34200E51FC8 /* en */ = {isa = PBXFileReference; lastKnownFileType = text.plist.strings; name = en; path = en.lproj/InfoPlist.strings; sourceTree = "<group>"; };
		860F5FDF1732A34200E51FC8 /* NetworkedLifeWithFBTests.h */ = {isa = PBXFileReference; lastKnownFileType = sourcecode.c.h; path = NetworkedLifeWithFBTests.h; sourceTree = "<group>"; };
		860F5FE01732A34200E51FC8 /* NetworkedLifeWithFBTests.m */ = {isa = PBXFileReference; lastKnownFileType = sourcecode.c.objc; path = NetworkedLifeWithFBTests.m; sourceTree = "<group>"; };
		8658FA231737A25F003F3458 /* MapKit.framework */ = {isa = PBXFileReference; lastKnownFileType = wrapper.framework; name = MapKit.framework; path = System/Library/Frameworks/MapKit.framework; sourceTree = SDKROOT; };
		865CFA7917449330005A9C45 /* Friend.h */ = {isa = PBXFileReference; fileEncoding = 4; lastKnownFileType = sourcecode.c.h; path = Friend.h; sourceTree = "<group>"; };
		865CFA7A17449330005A9C45 /* Friend.m */ = {isa = PBXFileReference; fileEncoding = 4; lastKnownFileType = sourcecode.c.objc; path = Friend.m; sourceTree = "<group>"; };
		865CFA7C17449331005A9C45 /* Checkin.h */ = {isa = PBXFileReference; fileEncoding = 4; lastKnownFileType = sourcecode.c.h; path = Checkin.h; sourceTree = "<group>"; };
		865CFA7D17449331005A9C45 /* Checkin.m */ = {isa = PBXFileReference; fileEncoding = 4; lastKnownFileType = sourcecode.c.objc; path = Checkin.m; sourceTree = "<group>"; };
		865CFA7F17449331005A9C45 /* User.h */ = {isa = PBXFileReference; fileEncoding = 4; lastKnownFileType = sourcecode.c.h; path = User.h; sourceTree = "<group>"; };
		865CFA8017449331005A9C45 /* User.m */ = {isa = PBXFileReference; fileEncoding = 4; lastKnownFileType = sourcecode.c.objc; path = User.m; sourceTree = "<group>"; };
		865CFA8217449331005A9C45 /* Like.h */ = {isa = PBXFileReference; fileEncoding = 4; lastKnownFileType = sourcecode.c.h; path = Like.h; sourceTree = "<group>"; };
		865CFA8317449331005A9C45 /* Like.m */ = {isa = PBXFileReference; fileEncoding = 4; lastKnownFileType = sourcecode.c.objc; path = Like.m; sourceTree = "<group>"; };
		86E130E4173F915D00E6D00F /* CoreLocation.framework */ = {isa = PBXFileReference; lastKnownFileType = wrapper.framework; name = CoreLocation.framework; path = System/Library/Frameworks/CoreLocation.framework; sourceTree = SDKROOT; };
		86E130FD1742266F00E6D00F /* CoreData.framework */ = {isa = PBXFileReference; lastKnownFileType = wrapper.framework; name = CoreData.framework; path = System/Library/Frameworks/CoreData.framework; sourceTree = SDKROOT; };
		86E13101174226DF00E6D00F /* NetworkedLifeDB.xcdatamodel */ = {isa = PBXFileReference; lastKnownFileType = wrapper.xcdatamodel; path = NetworkedLifeDB.xcdatamodel; sourceTree = "<group>"; };
		86EBFF72174623A700271237 /* FacebookSDK.framework */ = {isa = PBXFileReference; lastKnownFileType = wrapper.framework; path = FacebookSDK.framework; sourceTree = "<group>"; };
		86EBFF74174623E100271237 /* FacebookSDKResources.bundle */ = {isa = PBXFileReference; lastKnownFileType = "wrapper.plug-in"; name = FacebookSDKResources.bundle; path = FacebookSDK.framework/Versions/A/Resources/FacebookSDKResources.bundle; sourceTree = "<group>"; };
		86EBFF761746241700271237 /* FBUserSettingsViewResources.bundle */ = {isa = PBXFileReference; lastKnownFileType = "wrapper.plug-in"; name = FBUserSettingsViewResources.bundle; path = FacebookSDK.framework/Versions/A/Resources/FBUserSettingsViewResources.bundle; sourceTree = "<group>"; };
		86EBFF781746243E00271237 /* AdSupport.framework */ = {isa = PBXFileReference; lastKnownFileType = wrapper.framework; name = AdSupport.framework; path = System/Library/Frameworks/AdSupport.framework; sourceTree = SDKROOT; };
		86EBFF7A1746244500271237 /* Accounts.framework */ = {isa = PBXFileReference; lastKnownFileType = wrapper.framework; name = Accounts.framework; path = System/Library/Frameworks/Accounts.framework; sourceTree = SDKROOT; };
		86EBFF7C1746244E00271237 /* libsqlite3.dylib */ = {isa = PBXFileReference; lastKnownFileType = "compiled.mach-o.dylib"; name = libsqlite3.dylib; path = usr/lib/libsqlite3.dylib; sourceTree = SDKROOT; };
		86EBFF7E1746245400271237 /* Security.framework */ = {isa = PBXFileReference; lastKnownFileType = wrapper.framework; name = Security.framework; path = System/Library/Frameworks/Security.framework; sourceTree = SDKROOT; };
		86EBFF801746245E00271237 /* Social.framework */ = {isa = PBXFileReference; lastKnownFileType = wrapper.framework; name = Social.framework; path = System/Library/Frameworks/Social.framework; sourceTree = SDKROOT; };
/* End PBXFileReference section */

/* Begin PBXFrameworksBuildPhase section */
		860F5FA91732A34200E51FC8 /* Frameworks */ = {
			isa = PBXFrameworksBuildPhase;
			buildActionMask = 2147483647;
			files = (
				86EBFF811746245E00271237 /* Social.framework in Frameworks */,
				86EBFF7F1746245400271237 /* Security.framework in Frameworks */,
				86EBFF7D1746244E00271237 /* libsqlite3.dylib in Frameworks */,
				86EBFF7B1746244600271237 /* Accounts.framework in Frameworks */,
				86EBFF791746243E00271237 /* AdSupport.framework in Frameworks */,
				86E130FE1742266F00E6D00F /* CoreData.framework in Frameworks */,
				86E130E5173F915D00E6D00F /* CoreLocation.framework in Frameworks */,
				8658FA241737A25F003F3458 /* MapKit.framework in Frameworks */,
				860F5FB01732A34200E51FC8 /* UIKit.framework in Frameworks */,
				860F5FB21732A34200E51FC8 /* Foundation.framework in Frameworks */,
				860F5FB41732A34200E51FC8 /* CoreGraphics.framework in Frameworks */,
				86EBFF73174623A700271237 /* FacebookSDK.framework in Frameworks */,
			);
			runOnlyForDeploymentPostprocessing = 0;
		};
		860F5FCE1732A34200E51FC8 /* Frameworks */ = {
			isa = PBXFrameworksBuildPhase;
			buildActionMask = 2147483647;
			files = (
				860F5FD41732A34200E51FC8 /* SenTestingKit.framework in Frameworks */,
				860F5FD51732A34200E51FC8 /* UIKit.framework in Frameworks */,
				860F5FD61732A34200E51FC8 /* Foundation.framework in Frameworks */,
			);
			runOnlyForDeploymentPostprocessing = 0;
		};
/* End PBXFrameworksBuildPhase section */

/* Begin PBXGroup section */
		0AB57B14173789FE00BFC8FD /* View */ = {
			isa = PBXGroup;
			children = (
			);
			name = View;
			sourceTree = "<group>";
		};
		860F5FA31732A34200E51FC8 = {
			isa = PBXGroup;
			children = (
				860F5FB51732A34200E51FC8 /* NetworkedLifeWithFB */,
				860F5FD91732A34200E51FC8 /* NetworkedLifeWithFBTests */,
				860F5FAE1732A34200E51FC8 /* Frameworks */,
				860F5FAD1732A34200E51FC8 /* Products */,
			);
			sourceTree = "<group>";
		};
		860F5FAD1732A34200E51FC8 /* Products */ = {
			isa = PBXGroup;
			children = (
				860F5FAC1732A34200E51FC8 /* NetworkedLifeWithFB.app */,
				860F5FD21732A34200E51FC8 /* NetworkedLifeWithFBTests.octest */,
			);
			name = Products;
			sourceTree = "<group>";
		};
		860F5FAE1732A34200E51FC8 /* Frameworks */ = {
			isa = PBXGroup;
			children = (
				86EBFF801746245E00271237 /* Social.framework */,
				86EBFF7E1746245400271237 /* Security.framework */,
				86EBFF7C1746244E00271237 /* libsqlite3.dylib */,
				86EBFF7A1746244500271237 /* Accounts.framework */,
				86EBFF781746243E00271237 /* AdSupport.framework */,
				86EBFF761746241700271237 /* FBUserSettingsViewResources.bundle */,
				86EBFF74174623E100271237 /* FacebookSDKResources.bundle */,
				86EBFF72174623A700271237 /* FacebookSDK.framework */,
				86E130FD1742266F00E6D00F /* CoreData.framework */,
				86E130E4173F915D00E6D00F /* CoreLocation.framework */,
				8658FA231737A25F003F3458 /* MapKit.framework */,
				860F5FAF1732A34200E51FC8 /* UIKit.framework */,
				860F5FB11732A34200E51FC8 /* Foundation.framework */,
				860F5FB31732A34200E51FC8 /* CoreGraphics.framework */,
				860F5FD31732A34200E51FC8 /* SenTestingKit.framework */,
			);
			name = Frameworks;
			sourceTree = "<group>";
		};
		860F5FB51732A34200E51FC8 /* NetworkedLifeWithFB */ = {
			isa = PBXGroup;
			children = (
				86E130FF174226B200E6D00F /* Model */,
				0AB57B14173789FE00BFC8FD /* View */,
				860F5FBE1732A34200E51FC8 /* MainAppDelegate.h */,
				860F5FBF1732A34200E51FC8 /* MainAppDelegate.m */,
				860F5FC71732A34200E51FC8 /* MainStoryboard.storyboard */,
				860F5FCA1732A34200E51FC8 /* MainViewController.h */,
				860F5FCB1732A34200E51FC8 /* MainViewController.m */,
				860F5FB61732A34200E51FC8 /* Supporting Files */,
			);
			path = NetworkedLifeWithFB;
			sourceTree = "<group>";
		};
		860F5FB61732A34200E51FC8 /* Supporting Files */ = {
			isa = PBXGroup;
			children = (
				860F5FB71732A34200E51FC8 /* NetworkedLifeWithFB-Info.plist */,
				860F5FB81732A34200E51FC8 /* InfoPlist.strings */,
				860F5FBB1732A34200E51FC8 /* main.m */,
				860F5FBD1732A34200E51FC8 /* NetworkedLifeWithFB-Prefix.pch */,
				860F5FC11732A34200E51FC8 /* Default.png */,
				860F5FC31732A34200E51FC8 /* Default@2x.png */,
				860F5FC51732A34200E51FC8 /* Default-568h@2x.png */,
			);
			name = "Supporting Files";
			sourceTree = "<group>";
		};
		860F5FD91732A34200E51FC8 /* NetworkedLifeWithFBTests */ = {
			isa = PBXGroup;
			children = (
				860F5FDF1732A34200E51FC8 /* NetworkedLifeWithFBTests.h */,
				860F5FE01732A34200E51FC8 /* NetworkedLifeWithFBTests.m */,
				860F5FDA1732A34200E51FC8 /* Supporting Files */,
			);
			path = NetworkedLifeWithFBTests;
			sourceTree = "<group>";
		};
		860F5FDA1732A34200E51FC8 /* Supporting Files */ = {
			isa = PBXGroup;
			children = (
				860F5FDB1732A34200E51FC8 /* NetworkedLifeWithFBTests-Info.plist */,
				860F5FDC1732A34200E51FC8 /* InfoPlist.strings */,
			);
			name = "Supporting Files";
			sourceTree = "<group>";
		};
		86E130FF174226B200E6D00F /* Model */ = {
			isa = PBXGroup;
			children = (
				86E13100174226DF00E6D00F /* NetworkedLifeDB.xcdatamodeld */,
				865CFA8217449331005A9C45 /* Like.h */,
				865CFA8317449331005A9C45 /* Like.m */,
				865CFA7F17449331005A9C45 /* User.h */,
				865CFA8017449331005A9C45 /* User.m */,
				865CFA7C17449331005A9C45 /* Checkin.h */,
				865CFA7D17449331005A9C45 /* Checkin.m */,
				865CFA7917449330005A9C45 /* Friend.h */,
				865CFA7A17449330005A9C45 /* Friend.m */,
			);
			name = Model;
			sourceTree = "<group>";
		};
/* End PBXGroup section */

/* Begin PBXNativeTarget section */
		860F5FAB1732A34200E51FC8 /* NetworkedLifeWithFB */ = {
			isa = PBXNativeTarget;
			buildConfigurationList = 860F5FE41732A34200E51FC8 /* Build configuration list for PBXNativeTarget "NetworkedLifeWithFB" */;
			buildPhases = (
				860F5FA81732A34200E51FC8 /* Sources */,
				860F5FA91732A34200E51FC8 /* Frameworks */,
				860F5FAA1732A34200E51FC8 /* Resources */,
			);
			buildRules = (
			);
			dependencies = (
			);
			name = NetworkedLifeWithFB;
			productName = NetworkedLifeWithFB;
			productReference = 860F5FAC1732A34200E51FC8 /* NetworkedLifeWithFB.app */;
			productType = "com.apple.product-type.application";
		};
		860F5FD11732A34200E51FC8 /* NetworkedLifeWithFBTests */ = {
			isa = PBXNativeTarget;
			buildConfigurationList = 860F5FE71732A34200E51FC8 /* Build configuration list for PBXNativeTarget "NetworkedLifeWithFBTests" */;
			buildPhases = (
				860F5FCD1732A34200E51FC8 /* Sources */,
				860F5FCE1732A34200E51FC8 /* Frameworks */,
				860F5FCF1732A34200E51FC8 /* Resources */,
				860F5FD01732A34200E51FC8 /* ShellScript */,
			);
			buildRules = (
			);
			dependencies = (
				860F5FD81732A34200E51FC8 /* PBXTargetDependency */,
			);
			name = NetworkedLifeWithFBTests;
			productName = NetworkedLifeWithFBTests;
			productReference = 860F5FD21732A34200E51FC8 /* NetworkedLifeWithFBTests.octest */;
			productType = "com.apple.product-type.bundle";
		};
/* End PBXNativeTarget section */

/* Begin PBXProject section */
		860F5FA41732A34200E51FC8 /* Project object */ = {
			isa = PBXProject;
			attributes = {
				CLASSPREFIX = Main;
				LastUpgradeCheck = 0460;
				ORGANIZATIONNAME = YiBin;
			};
			buildConfigurationList = 860F5FA71732A34200E51FC8 /* Build configuration list for PBXProject "NetworkedLifeWithFB" */;
			compatibilityVersion = "Xcode 3.2";
			developmentRegion = English;
			hasScannedForEncodings = 0;
			knownRegions = (
				en,
			);
			mainGroup = 860F5FA31732A34200E51FC8;
			productRefGroup = 860F5FAD1732A34200E51FC8 /* Products */;
			projectDirPath = "";
			projectRoot = "";
			targets = (
				860F5FAB1732A34200E51FC8 /* NetworkedLifeWithFB */,
				860F5FD11732A34200E51FC8 /* NetworkedLifeWithFBTests */,
			);
		};
/* End PBXProject section */

/* Begin PBXResourcesBuildPhase section */
		860F5FAA1732A34200E51FC8 /* Resources */ = {
			isa = PBXResourcesBuildPhase;
			buildActionMask = 2147483647;
			files = (
				860F5FBA1732A34200E51FC8 /* InfoPlist.strings in Resources */,
				860F5FC21732A34200E51FC8 /* Default.png in Resources */,
				860F5FC41732A34200E51FC8 /* Default@2x.png in Resources */,
				860F5FC61732A34200E51FC8 /* Default-568h@2x.png in Resources */,
				860F5FC91732A34200E51FC8 /* MainStoryboard.storyboard in Resources */,
				86EBFF75174623E100271237 /* FacebookSDKResources.bundle in Resources */,
				86EBFF771746241700271237 /* FBUserSettingsViewResources.bundle in Resources */,
			);
			runOnlyForDeploymentPostprocessing = 0;
		};
		860F5FCF1732A34200E51FC8 /* Resources */ = {
			isa = PBXResourcesBuildPhase;
			buildActionMask = 2147483647;
			files = (
				860F5FDE1732A34200E51FC8 /* InfoPlist.strings in Resources */,
			);
			runOnlyForDeploymentPostprocessing = 0;
		};
/* End PBXResourcesBuildPhase section */

/* Begin PBXShellScriptBuildPhase section */
		860F5FD01732A34200E51FC8 /* ShellScript */ = {
			isa = PBXShellScriptBuildPhase;
			buildActionMask = 2147483647;
			files = (
			);
			inputPaths = (
			);
			outputPaths = (
			);
			runOnlyForDeploymentPostprocessing = 0;
			shellPath = /bin/sh;
			shellScript = "# Run the unit tests in this test bundle.\n\"${SYSTEM_DEVELOPER_DIR}/Tools/RunUnitTests\"\n";
		};
/* End PBXShellScriptBuildPhase section */

/* Begin PBXSourcesBuildPhase section */
		860F5FA81732A34200E51FC8 /* Sources */ = {
			isa = PBXSourcesBuildPhase;
			buildActionMask = 2147483647;
			files = (
				860F5FBC1732A34200E51FC8 /* main.m in Sources */,
				860F5FC01732A34200E51FC8 /* MainAppDelegate.m in Sources */,
				860F5FCC1732A34200E51FC8 /* MainViewController.m in Sources */,
				86E13102174226DF00E6D00F /* NetworkedLifeDB.xcdatamodeld in Sources */,
				865CFA7B17449330005A9C45 /* Friend.m in Sources */,
				865CFA7E17449331005A9C45 /* Checkin.m in Sources */,
				865CFA8117449331005A9C45 /* User.m in Sources */,
				865CFA8417449331005A9C45 /* Like.m in Sources */,
			);
			runOnlyForDeploymentPostprocessing = 0;
		};
		860F5FCD1732A34200E51FC8 /* Sources */ = {
			isa = PBXSourcesBuildPhase;
			buildActionMask = 2147483647;
			files = (
				860F5FE11732A34200E51FC8 /* NetworkedLifeWithFBTests.m in Sources */,
			);
			runOnlyForDeploymentPostprocessing = 0;
		};
/* End PBXSourcesBuildPhase section */

/* Begin PBXTargetDependency section */
		860F5FD81732A34200E51FC8 /* PBXTargetDependency */ = {
			isa = PBXTargetDependency;
			target = 860F5FAB1732A34200E51FC8 /* NetworkedLifeWithFB */;
			targetProxy = 860F5FD71732A34200E51FC8 /* PBXContainerItemProxy */;
		};
/* End PBXTargetDependency section */

/* Begin PBXVariantGroup section */
		860F5FB81732A34200E51FC8 /* InfoPlist.strings */ = {
			isa = PBXVariantGroup;
			children = (
				860F5FB91732A34200E51FC8 /* en */,
			);
			name = InfoPlist.strings;
			sourceTree = "<group>";
		};
		860F5FC71732A34200E51FC8 /* MainStoryboard.storyboard */ = {
			isa = PBXVariantGroup;
			children = (
				860F5FC81732A34200E51FC8 /* en */,
			);
			name = MainStoryboard.storyboard;
			sourceTree = "<group>";
		};
		860F5FDC1732A34200E51FC8 /* InfoPlist.strings */ = {
			isa = PBXVariantGroup;
			children = (
				860F5FDD1732A34200E51FC8 /* en */,
			);
			name = InfoPlist.strings;
			sourceTree = "<group>";
		};
/* End PBXVariantGroup section */

/* Begin XCBuildConfiguration section */
		860F5FE21732A34200E51FC8 /* Debug */ = {
			isa = XCBuildConfiguration;
			buildSettings = {
				ALWAYS_SEARCH_USER_PATHS = NO;
				CLANG_CXX_LANGUAGE_STANDARD = "gnu++0x";
				CLANG_CXX_LIBRARY = "libc++";
				CLANG_ENABLE_OBJC_ARC = YES;
				CLANG_WARN_CONSTANT_CONVERSION = YES;
				CLANG_WARN_EMPTY_BODY = YES;
				CLANG_WARN_ENUM_CONVERSION = YES;
				CLANG_WARN_INT_CONVERSION = YES;
				CLANG_WARN__DUPLICATE_METHOD_MATCH = YES;
				CODE_SIGN_IDENTITY = "iPhone Developer: chen yang chou (2N57W9V53T)";
				"CODE_SIGN_IDENTITY[sdk=iphoneos*]" = "iPhone Developer: chen yang chou (2N57W9V53T)";
				COPY_PHASE_STRIP = NO;
				GCC_C_LANGUAGE_STANDARD = gnu99;
				GCC_DYNAMIC_NO_PIC = NO;
				GCC_OPTIMIZATION_LEVEL = 0;
				GCC_PREPROCESSOR_DEFINITIONS = (
					"DEBUG=1",
					"$(inherited)",
				);
				GCC_SYMBOLS_PRIVATE_EXTERN = NO;
				GCC_WARN_ABOUT_RETURN_TYPE = YES;
				GCC_WARN_UNINITIALIZED_AUTOS = YES;
				GCC_WARN_UNUSED_VARIABLE = YES;
				IPHONEOS_DEPLOYMENT_TARGET = 6.1;
				ONLY_ACTIVE_ARCH = YES;
				PROVISIONING_PROFILE = "998AA94A-8852-451B-BC66-AA8B620E3D10";
				"PROVISIONING_PROFILE[sdk=iphoneos*]" = "998AA94A-8852-451B-BC66-AA8B620E3D10";
				SDKROOT = iphoneos;
			};
			name = Debug;
		};
		860F5FE31732A34200E51FC8 /* Release */ = {
			isa = XCBuildConfiguration;
			buildSettings = {
				ALWAYS_SEARCH_USER_PATHS = NO;
				CLANG_CXX_LANGUAGE_STANDARD = "gnu++0x";
				CLANG_CXX_LIBRARY = "libc++";
				CLANG_ENABLE_OBJC_ARC = YES;
				CLANG_WARN_CONSTANT_CONVERSION = YES;
				CLANG_WARN_EMPTY_BODY = YES;
				CLANG_WARN_ENUM_CONVERSION = YES;
				CLANG_WARN_INT_CONVERSION = YES;
				CLANG_WARN__DUPLICATE_METHOD_MATCH = YES;
				CODE_SIGN_IDENTITY = "iPhone Developer: chen yang chou (2N57W9V53T)";
				"CODE_SIGN_IDENTITY[sdk=iphoneos*]" = "iPhone Developer: chen yang chou (2N57W9V53T)";
				COPY_PHASE_STRIP = YES;
				GCC_C_LANGUAGE_STANDARD = gnu99;
				GCC_WARN_ABOUT_RETURN_TYPE = YES;
				GCC_WARN_UNINITIALIZED_AUTOS = YES;
				GCC_WARN_UNUSED_VARIABLE = YES;
				IPHONEOS_DEPLOYMENT_TARGET = 6.1;
				OTHER_CFLAGS = "-DNS_BLOCK_ASSERTIONS=1";
				PROVISIONING_PROFILE = "998AA94A-8852-451B-BC66-AA8B620E3D10";
				"PROVISIONING_PROFILE[sdk=iphoneos*]" = "998AA94A-8852-451B-BC66-AA8B620E3D10";
				SDKROOT = iphoneos;
				VALIDATE_PRODUCT = YES;
			};
			name = Release;
		};
		860F5FE51732A34200E51FC8 /* Debug */ = {
			isa = XCBuildConfiguration;
			buildSettings = {
				CLANG_ENABLE_OBJC_ARC = YES;
				CODE_SIGN_IDENTITY = "iPhone Developer: chen yang chou (2N57W9V53T)";
				"CODE_SIGN_IDENTITY[sdk=iphoneos*]" = "iPhone Developer: chen yang chou (2N57W9V53T)";
				FRAMEWORK_SEARCH_PATHS = (
					"$(inherited)",
					"\"$(SRCROOT)\"",
				);
				GCC_PRECOMPILE_PREFIX_HEADER = YES;
				GCC_PREFIX_HEADER = "NetworkedLifeWithFB/NetworkedLifeWithFB-Prefix.pch";
				INFOPLIST_FILE = "NetworkedLifeWithFB/NetworkedLifeWithFB-Info.plist";
				IPHONEOS_DEPLOYMENT_TARGET = 5.1;
				LIBRARY_SEARCH_PATHS = (
					"$(inherited)",
					"\"$(SRCROOT)/NetworkedLifeWithFBTests/facebook\"",
					"\"$(SRCROOT)/NetworkedLifeWithFB/facebook\"",
				);
				PRODUCT_NAME = "$(TARGET_NAME)";
				PROVISIONING_PROFILE = "998AA94A-8852-451B-BC66-AA8B620E3D10";
				"PROVISIONING_PROFILE[sdk=iphoneos*]" = "998AA94A-8852-451B-BC66-AA8B620E3D10";
				WRAPPER_EXTENSION = app;
			};
			name = Debug;
		};
		860F5FE61732A34200E51FC8 /* Release */ = {
			isa = XCBuildConfiguration;
			buildSettings = {
				CLANG_ENABLE_OBJC_ARC = YES;
				CODE_SIGN_IDENTITY = "iPhone Developer: chen yang chou (2N57W9V53T)";
				"CODE_SIGN_IDENTITY[sdk=iphoneos*]" = "iPhone Developer: chen yang chou (2N57W9V53T)";
				FRAMEWORK_SEARCH_PATHS = (
					"$(inherited)",
					"\"$(SRCROOT)\"",
				);
				GCC_PRECOMPILE_PREFIX_HEADER = YES;
				GCC_PREFIX_HEADER = "NetworkedLifeWithFB/NetworkedLifeWithFB-Prefix.pch";
				INFOPLIST_FILE = "NetworkedLifeWithFB/NetworkedLifeWithFB-Info.plist";
				IPHONEOS_DEPLOYMENT_TARGET = 5.1;
				LIBRARY_SEARCH_PATHS = (
					"$(inherited)",
					"\"$(SRCROOT)/NetworkedLifeWithFBTests/facebook\"",
					"\"$(SRCROOT)/NetworkedLifeWithFB/facebook\"",
				);
				PRODUCT_NAME = "$(TARGET_NAME)";
				PROVISIONING_PROFILE = "998AA94A-8852-451B-BC66-AA8B620E3D10";
				"PROVISIONING_PROFILE[sdk=iphoneos*]" = "998AA94A-8852-451B-BC66-AA8B620E3D10";
				WRAPPER_EXTENSION = app;
			};
			name = Release;
		};
		860F5FE81732A34200E51FC8 /* Debug */ = {
			isa = XCBuildConfiguration;
			buildSettings = {
				BUNDLE_LOADER = "$(BUILT_PRODUCTS_DIR)/NetworkedLifeWithFB.app/NetworkedLifeWithFB";
				FRAMEWORK_SEARCH_PATHS = (
					"\"$(SDKROOT)/Developer/Library/Frameworks\"",
					"\"$(DEVELOPER_LIBRARY_DIR)/Frameworks\"",
				);
				GCC_PRECOMPILE_PREFIX_HEADER = YES;
				GCC_PREFIX_HEADER = "NetworkedLifeWithFB/NetworkedLifeWithFB-Prefix.pch";
				INFOPLIST_FILE = "NetworkedLifeWithFBTests/NetworkedLifeWithFBTests-Info.plist";
				PRODUCT_NAME = "$(TARGET_NAME)";
				TEST_HOST = "$(BUNDLE_LOADER)";
				WRAPPER_EXTENSION = octest;
			};
			name = Debug;
		};
		860F5FE91732A34200E51FC8 /* Release */ = {
			isa = XCBuildConfiguration;
			buildSettings = {
				BUNDLE_LOADER = "$(BUILT_PRODUCTS_DIR)/NetworkedLifeWithFB.app/NetworkedLifeWithFB";
				FRAMEWORK_SEARCH_PATHS = (
					"\"$(SDKROOT)/Developer/Library/Frameworks\"",
					"\"$(DEVELOPER_LIBRARY_DIR)/Frameworks\"",
				);
				GCC_PRECOMPILE_PREFIX_HEADER = YES;
				GCC_PREFIX_HEADER = "NetworkedLifeWithFB/NetworkedLifeWithFB-Prefix.pch";
				INFOPLIST_FILE = "NetworkedLifeWithFBTests/NetworkedLifeWithFBTests-Info.plist";
				PRODUCT_NAME = "$(TARGET_NAME)";
				TEST_HOST = "$(BUNDLE_LOADER)";
				WRAPPER_EXTENSION = octest;
			};
			name = Release;
		};
/* End XCBuildConfiguration section */

/* Begin XCConfigurationList section */
		860F5FA71732A34200E51FC8 /* Build configuration list for PBXProject "NetworkedLifeWithFB" */ = {
			isa = XCConfigurationList;
			buildConfigurations = (
				860F5FE21732A34200E51FC8 /* Debug */,
				860F5FE31732A34200E51FC8 /* Release */,
			);
			defaultConfigurationIsVisible = 0;
			defaultConfigurationName = Release;
		};
		860F5FE41732A34200E51FC8 /* Build configuration list for PBXNativeTarget "NetworkedLifeWithFB" */ = {
			isa = XCConfigurationList;
			buildConfigurations = (
				860F5FE51732A34200E51FC8 /* Debug */,
				860F5FE61732A34200E51FC8 /* Release */,
			);
			defaultConfigurationIsVisible = 0;
			defaultConfigurationName = Release;
		};
		860F5FE71732A34200E51FC8 /* Build configuration list for PBXNativeTarget "NetworkedLifeWithFBTests" */ = {
			isa = XCConfigurationList;
			buildConfigurations = (
				860F5FE81732A34200E51FC8 /* Debug */,
				860F5FE91732A34200E51FC8 /* Release */,
			);
			defaultConfigurationIsVisible = 0;
			defaultConfigurationName = Release;
		};
/* End XCConfigurationList section */

/* Begin XCVersionGroup section */
		86E13100174226DF00E6D00F /* NetworkedLifeDB.xcdatamodeld */ = {
			isa = XCVersionGroup;
			children = (
				86E13101174226DF00E6D00F /* NetworkedLifeDB.xcdatamodel */,
			);
			currentVersion = 86E13101174226DF00E6D00F /* NetworkedLifeDB.xcdatamodel */;
			path = NetworkedLifeDB.xcdatamodeld;
			sourceTree = "<group>";
			versionGroupType = wrapper.xcdatamodel;
		};
/* End XCVersionGroup section */
	};
	rootObject = 860F5FA41732A34200E51FC8 /* Project object */;
}
